version = 1
revision = 3
requires-python = ">=3.14"

[options]
exclude-newer = "0001-01-01T00:00:00Z" # This has no effect and is included for backwards compatibility when using relative exclude-newer values.
exclude-newer-span = "P1D"

[[package]]
name = "colorama"
version = "0.4.6"
source = { registry = "https://pypi.org/simple" }
sdist = { url = "https://files.pythonhosted.org/packages/d8/53/6f443c9a4a8358a93a6792e2acffb9d9d5cb0a5cfd8802644b7b1c9a02e4/colorama-0.4.6.tar.gz", hash = "sha256:08695f5cb7ed6e0531a20572697297273c47b8cae5a63ffc6d6ed5c201be6e44", size = 27697, upload-time = "2022-10-25T02:36:22.414Z" }
wheels = [
    { url = "https://files.pythonhosted.org/packages/d1/d6/3965ed04c63042e047cb6a3e6ed1a63a35087b6a609aa3a15ed8ac56c221/colorama-0.4.6-py2.py3-none-any.whl", hash = "sha256:4f1d9991f5acc0ca119f9d443620b77f9d6b33703e51011c16baf57afb285fc6", size = 25335, upload-time = "2022-10-25T02:36:20.889Z" },
]

[[package]]
name = "coverage"
version = "7.13.0"
source = { registry = "https://pypi.org/simple" }
sdist = { url = "https://files.pythonhosted.org/packages/b6/45/2c665ca77ec32ad67e25c77daf1cee28ee4558f3bc571cdbaf88a00b9f23/coverage-7.13.0.tar.gz", hash = "sha256:a394aa27f2d7ff9bc04cf703817773a59ad6dfbd577032e690f961d2460ee936", size = 820905, upload-time = "2025-12-08T13:14:38.055Z" }
wheels = [
    { url = "https://files.pythonhosted.org/packages/f8/4b/9b54bedda55421449811dcd5263a2798a63f48896c24dfb92b0f1b0845bd/coverage-7.13.0-cp314-cp314-macosx_10_15_x86_64.whl", hash = "sha256:453b7ec753cf5e4356e14fe858064e5520c460d3bbbcb9c35e55c0d21155c256", size = 218343, upload-time = "2025-12-08T13:13:50.811Z" },
    { url = "https://files.pythonhosted.org/packages/59/df/c3a1f34d4bba2e592c8979f924da4d3d4598b0df2392fbddb7761258e3dc/coverage-7.13.0-cp314-cp314-macosx_11_0_arm64.whl", hash = "sha256:af827b7cbb303e1befa6c4f94fd2bf72f108089cfa0f8abab8f4ca553cf5ca5a", size = 218672, upload-time = "2025-12-08T13:13:52.284Z" },
    { url = "https://files.pythonhosted.org/packages/07/62/eec0659e47857698645ff4e6ad02e30186eb8afd65214fd43f02a76537cb/coverage-7.13.0-cp314-cp314-manylinux1_i686.manylinux_2_28_i686.manylinux_2_5_i686.whl", hash = "sha256:9987a9e4f8197a1000280f7cc089e3ea2c8b3c0a64d750537809879a7b4ceaf9", size = 249715, upload-time = "2025-12-08T13:13:53.791Z" },
    { url = "https://files.pythonhosted.org/packages/23/2d/3c7ff8b2e0e634c1f58d095f071f52ed3c23ff25be524b0ccae8b71f99f8/coverage-7.13.0-cp314-cp314-manylinux1_x86_64.manylinux_2_28_x86_64.manylinux_2_5_x86_64.whl", hash = "sha256:3188936845cd0cb114fa6a51842a304cdbac2958145d03be2377ec41eb285d19", size = 252225, upload-time = "2025-12-08T13:13:55.274Z" },
    { url = "https://files.pythonhosted.org/packages/aa/ac/fb03b469d20e9c9a81093575003f959cf91a4a517b783aab090e4538764b/coverage-7.13.0-cp314-cp314-manylinux2014_aarch64.manylinux_2_17_aarch64.manylinux_2_28_aarch64.whl", hash = "sha256:a2bdb3babb74079f021696cb46b8bb5f5661165c385d3a238712b031a12355be", size = 253559, upload-time = "2025-12-08T13:13:57.161Z" },
    { url = "https://files.pythonhosted.org/packages/29/62/14afa9e792383c66cc0a3b872a06ded6e4ed1079c7d35de274f11d27064e/coverage-7.13.0-cp314-cp314-manylinux_2_31_riscv64.manylinux_2_39_riscv64.whl", hash = "sha256:7464663eaca6adba4175f6c19354feea61ebbdd735563a03d1e472c7072d27bb", size = 249724, upload-time = "2025-12-08T13:13:58.692Z" },
    { url = "https://files.pythonhosted.org/packages/31/b7/333f3dab2939070613696ab3ee91738950f0467778c6e5a5052e840646b7/coverage-7.13.0-cp314-cp314-musllinux_1_2_aarch64.whl", hash = "sha256:8069e831f205d2ff1f3d355e82f511eb7c5522d7d413f5db5756b772ec8697f8", size = 251582, upload-time = "2025-12-08T13:14:00.642Z" },
    { url = "https://files.pythonhosted.org/packages/81/cb/69162bda9381f39b2287265d7e29ee770f7c27c19f470164350a38318764/coverage-7.13.0-cp314-cp314-musllinux_1_2_i686.whl", hash = "sha256:6fb2d5d272341565f08e962cce14cdf843a08ac43bd621783527adb06b089c4b", size = 249538, upload-time = "2025-12-08T13:14:02.556Z" },
    { url = "https://files.pythonhosted.org/packages/e0/76/350387b56a30f4970abe32b90b2a434f87d29f8b7d4ae40d2e8a85aacfb3/coverage-7.13.0-cp314-cp314-musllinux_1_2_riscv64.whl", hash = "sha256:5e70f92ef89bac1ac8a99b3324923b4749f008fdbd7aa9cb35e01d7a284a04f9", size = 249349, upload-time = "2025-12-08T13:14:04.015Z" },
    { url = "https://files.pythonhosted.org/packages/86/0d/7f6c42b8d59f4c7e43ea3059f573c0dcfed98ba46eb43c68c69e52ae095c/coverage-7.13.0-cp314-cp314-musllinux_1_2_x86_64.whl", hash = "sha256:4b5de7d4583e60d5fd246dd57fcd3a8aa23c6e118a8c72b38adf666ba8e7e927", size = 251011, upload-time = "2025-12-08T13:14:05.505Z" },
    { url = "https://files.pythonhosted.org/packages/d7/f1/4bb2dff379721bb0b5c649d5c5eaf438462cad824acf32eb1b7ca0c7078e/coverage-7.13.0-cp314-cp314-win32.whl", hash = "sha256:a6c6e16b663be828a8f0b6c5027d36471d4a9f90d28444aa4ced4d48d7d6ae8f", size = 221091, upload-time = "2025-12-08T13:14:07.127Z" },
    { url = "https://files.pythonhosted.org/packages/ba/44/c239da52f373ce379c194b0ee3bcc121020e397242b85f99e0afc8615066/coverage-7.13.0-cp314-cp314-win_amd64.whl", hash = "sha256:0900872f2fdb3ee5646b557918d02279dc3af3dfb39029ac4e945458b13f73bc", size = 221904, upload-time = "2025-12-08T13:14:08.542Z" },
    { url = "https://files.pythonhosted.org/packages/89/1f/b9f04016d2a29c2e4a0307baefefad1a4ec5724946a2b3e482690486cade/coverage-7.13.0-cp314-cp314-win_arm64.whl", hash = "sha256:3a10260e6a152e5f03f26db4a407c4c62d3830b9af9b7c0450b183615f05d43b", size = 220480, upload-time = "2025-12-08T13:14:10.958Z" },
    { url = "https://files.pythonhosted.org/packages/16/d4/364a1439766c8e8647860584171c36010ca3226e6e45b1753b1b249c5161/coverage-7.13.0-cp314-cp314t-macosx_10_15_x86_64.whl", hash = "sha256:9097818b6cc1cfb5f174e3263eba4a62a17683bcfe5c4b5d07f4c97fa51fbf28", size = 219074, upload-time = "2025-12-08T13:14:13.345Z" },
    { url = "https://files.pythonhosted.org/packages/ce/f4/71ba8be63351e099911051b2089662c03d5671437a0ec2171823c8e03bec/coverage-7.13.0-cp314-cp314t-macosx_11_0_arm64.whl", hash = "sha256:0018f73dfb4301a89292c73be6ba5f58722ff79f51593352759c1790ded1cabe", size = 219342, upload-time = "2025-12-08T13:14:15.02Z" },
    { url = "https://files.pythonhosted.org/packages/5e/25/127d8ed03d7711a387d96f132589057213e3aef7475afdaa303412463f22/coverage-7.13.0-cp314-cp314t-manylinux1_i686.manylinux_2_28_i686.manylinux_2_5_i686.whl", hash = "sha256:166ad2a22ee770f5656e1257703139d3533b4a0b6909af67c6b4a3adc1c98657", size = 260713, upload-time = "2025-12-08T13:14:16.907Z" },
    { url = "https://files.pythonhosted.org/packages/fd/db/559fbb6def07d25b2243663b46ba9eb5a3c6586c0c6f4e62980a68f0ee1c/coverage-7.13.0-cp314-cp314t-manylinux1_x86_64.manylinux_2_28_x86_64.manylinux_2_5_x86_64.whl", hash = "sha256:f6aaef16d65d1787280943f1c8718dc32e9cf141014e4634d64446702d26e0ff", size = 262825, upload-time = "2025-12-08T13:14:18.68Z" },
    { url = "https://files.pythonhosted.org/packages/37/99/6ee5bf7eff884766edb43bd8736b5e1c5144d0fe47498c3779326fe75a35/coverage-7.13.0-cp314-cp314t-manylinux2014_aarch64.manylinux_2_17_aarch64.manylinux_2_28_aarch64.whl", hash = "sha256:e999e2dcc094002d6e2c7bbc1fb85b58ba4f465a760a8014d97619330cdbbbf3", size = 265233, upload-time = "2025-12-08T13:14:20.55Z" },
    { url = "https://files.pythonhosted.org/packages/d8/90/92f18fe0356ea69e1f98f688ed80cec39f44e9f09a1f26a1bbf017cc67f2/coverage-7.13.0-cp314-cp314t-manylinux_2_31_riscv64.manylinux_2_39_riscv64.whl", hash = "sha256:00c3d22cf6fb1cf3bf662aaaa4e563be8243a5ed2630339069799835a9cc7f9b", size = 259779, upload-time = "2025-12-08T13:14:22.367Z" },
    { url = "https://files.pythonhosted.org/packages/90/5d/b312a8b45b37a42ea7d27d7d3ff98ade3a6c892dd48d1d503e773503373f/coverage-7.13.0-cp314-cp314t-musllinux_1_2_aarch64.whl", hash = "sha256:22ccfe8d9bb0d6134892cbe1262493a8c70d736b9df930f3f3afae0fe3ac924d", size = 262700, upload-time = "2025-12-08T13:14:24.309Z" },
    { url = "https://files.pythonhosted.org/packages/63/f8/b1d0de5c39351eb71c366f872376d09386640840a2e09b0d03973d791e20/coverage-7.13.0-cp314-cp314t-musllinux_1_2_i686.whl", hash = "sha256:9372dff5ea15930fea0445eaf37bbbafbc771a49e70c0aeed8b4e2c2614cc00e", size = 260302, upload-time = "2025-12-08T13:14:26.068Z" },
    { url = "https://files.pythonhosted.org/packages/aa/7c/d42f4435bc40c55558b3109a39e2d456cddcec37434f62a1f1230991667a/coverage-7.13.0-cp314-cp314t-musllinux_1_2_riscv64.whl", hash = "sha256:69ac2c492918c2461bc6ace42d0479638e60719f2a4ef3f0815fa2df88e9f940", size = 259136, upload-time = "2025-12-08T13:14:27.604Z" },
    { url = "https://files.pythonhosted.org/packages/b8/d3/23413241dc04d47cfe19b9a65b32a2edd67ecd0b817400c2843ebc58c847/coverage-7.13.0-cp314-cp314t-musllinux_1_2_x86_64.whl", hash = "sha256:739c6c051a7540608d097b8e13c76cfa85263ced467168dc6b477bae3df7d0e2", size = 261467, upload-time = "2025-12-08T13:14:29.09Z" },
    { url = "https://files.pythonhosted.org/packages/13/e6/6e063174500eee216b96272c0d1847bf215926786f85c2bd024cf4d02d2f/coverage-7.13.0-cp314-cp314t-win32.whl", hash = "sha256:fe81055d8c6c9de76d60c94ddea73c290b416e061d40d542b24a5871bad498b7", size = 221875, upload-time = "2025-12-08T13:14:31.106Z" },
    { url = "https://files.pythonhosted.org/packages/3b/46/f4fb293e4cbe3620e3ac2a3e8fd566ed33affb5861a9b20e3dd6c1896cbc/coverage-7.13.0-cp314-cp314t-win_amd64.whl", hash = "sha256:445badb539005283825959ac9fa4a28f712c214b65af3a2c464f1adc90f5fcbc", size = 222982, upload-time = "2025-12-08T13:14:33.1Z" },
    { url = "https://files.pythonhosted.org/packages/68/62/5b3b9018215ed9733fbd1ae3b2ed75c5de62c3b55377a52cae732e1b7805/coverage-7.13.0-cp314-cp314t-win_arm64.whl", hash = "sha256:de7f6748b890708578fc4b7bb967d810aeb6fcc9bff4bb77dbca77dab2f9df6a", size = 221016, upload-time = "2025-12-08T13:14:34.601Z" },
    { url = "https://files.pythonhosted.org/packages/8d/4c/1968f32fb9a2604645827e11ff84a31e59d532e01995f904723b4f5328b3/coverage-7.13.0-py3-none-any.whl", hash = "sha256:850d2998f380b1e266459ca5b47bc9e7daf9af1d070f66317972f382d46f1904", size = 210068, upload-time = "2025-12-08T13:14:36.236Z" },
]

[[package]]
name = "iniconfig"
version = "2.0.0"
source = { registry = "https://pypi.org/simple" }
sdist = { url = "https://files.pythonhosted.org/packages/d7/4b/cbd8e699e64a6f16ca3a8220661b5f83792b3017d0f79807cb8708d33913/iniconfig-2.0.0.tar.gz", hash = "sha256:2d91e135bf72d31a410b17c16da610a82cb55f6b0477d1a902134b24a455b8b3", size = 4646, upload-time = "2023-01-07T11:08:11.254Z" }
wheels = [
    { url = "https://files.pythonhosted.org/packages/ef/a6/62565a6e1cf69e10f5727360368e451d4b7f58beeac6173dc9db836a5b46/iniconfig-2.0.0-py3-none-any.whl", hash = "sha256:b6a85871a79d2e3b22d2d1b94ac2824226a63c6b741c88f7ae975f18b6778374", size = 5892, upload-time = "2023-01-07T11:08:09.864Z" },
]

[[package]]
name = "lxml"
version = "6.1.2"
source = { registry = "https://pypi.org/simple" }
sdist = { url = "https://files.pythonhosted.org/packages/ad/a9/970b8fa0ecc4fbf1dfaed0d89bbc1fc1421b25ec26a2038c91e872dc6c8e/lxml-6.1.2.tar.gz", hash = "sha256:1055241852f2b02068af4a625a5d32c087db193c12251928af2562ecd2239f18", size = 4210626, upload-time = "2026-08-19T04:58:15.341Z" }
wheels = [
    { url = "https://files.pythonhosted.org/packages/27/b5/728b0578791b397ace8d1b101c8b3fe10f36043542f7bb85f82d8bdc3f50/lxml-6.1.2-cp314-cp314-macosx_10_15_universal2.whl", hash = "sha256:d50a44113fe6800dcc8a859332b823a4735b1e6ae1b0063882e4cca569ec3e29", size = 8609651, upload-time = "2026-08-19T04:58:42.42Z" },
    { url = "https://files.pythonhosted.org/packages/3c/6b/49209fa6225c15c48a30061f03d3aba75e3c19634813b88bf83b88c525ed/lxml-6.1.2-cp314-cp314-macosx_10_15_x86_64.whl", hash = "sha256:fa813b0247d0543a563b993ac3dba6168eef59e3a61448432cf5453300c2412b", size = 4639588, upload-time = "2026-08-19T04:59:01.501Z" },
    { url = "https://files.pythonhosted.org/packages/20/86/80bae4e8bc2eed9d6f017701a3d86fdea56936218efa738911d0b76aa7f4/lxml-6.1.2-cp314-cp314-manylinux2014_aarch64.manylinux_2_17_aarch64.whl", hash = "sha256:d858e718b94033ab4b67e4a58fe3114c65bae01ae2314a62fb39ae8897ed4324", size = 4964846, upload-time = "2026-08-19T04:59:08.59Z" },
    { url = "https://files.pythonhosted.org/packages/70/ce/4782caee7a22959c1ac67cb46495e03912c22a4ba7d20c163496a519e815/lxml-6.1.2-cp314-cp314-manylinux2014_x86_64.manylinux_2_17_x86_64.whl", hash = "sha256:3e3b666f57a5d81562f38c766c762416b0f6eb58a00590546911514b48412abd", size = 5099288, upload-time = "2026-08-19T04:59:18.649Z" },
    { url = "https://files.pythonhosted.org/packages/32/21/f120967cc43b54e05512dff0c39726b832c836195d30f41f88733ef36ac8/lxml-6.1.2-cp314-cp314-manylinux_2_26_aarch64.manylinux_2_28_aarch64.whl", hash = "sha256:26ff164c6629e5c4d11c9e55d5ea3d6eed0be2a420eee1f55cbce6e2c23e231a", size = 5036837, upload-time = "2026-08-19T04:59:47.217Z" },
    { url = "https://files.pythonhosted.org/packages/61/ba/8005e9f47598e3ec5c18312c77f94e889580027616678848405c6aeba5de/lxml-6.1.2-cp314-cp314-manylinux_2_26_ppc64le.manylinux_2_28_ppc64le.whl", hash = "sha256:962c12b51d0b164f12569af225dea57568477e24a845b96eaccbef6c07e4cc03", size = 5658569, upload-time = "2026-08-19T04:59:54.078Z" },
    { url = "https://files.pythonhosted.org/packages/6a/ba/add33b3c7ce51462cf7a4637bcfec2eaa258364d6015b989dd7d1216e6a6/lxml-6.1.2-cp314-cp314-manylinux_2_26_x86_64.manylinux_2_28_x86_64.whl", hash = "sha256:47e367dfe341521426692819803e260d0673899c0ff611f14af978d725e2c999", size = 5246003, upload-time = "2026-08-19T04:59:59.764Z" },
    { url = "https://files.pythonhosted.org/packages/05/b3/a43012748fb861c914c5eac1c1a3bad44282e767499cd02280d4d1edf092/lxml-6.1.2-cp314-cp314-manylinux_2_28_i686.whl", hash = "sha256:92c2b366028ac01e90399e6d17734ce6e4f4aeddd8ba75fbaf80ea11d6c6d645", size = 5354047, upload-time = "2026-08-19T05:00:21.657Z" },
    { url = "https://files.pythonhosted.org/packages/8b/cb/813021d9a445713b8d758b9e5eae2ed392cd598d9f119d9b053b37c2ab93/lxml-6.1.2-cp314-cp314-manylinux_2_31_armv7l.whl", hash = "sha256:7e81fc065ede5d58dd0bf0912025aee1bd04c52c2affd61fdb93226a97ce2fc6", size = 4704382, upload-time = "2026-08-19T05:00:47.067Z" },
    { url = "https://files.pythonhosted.org/packages/17/c9/1155299f4577bebf3c280497534a73e4b8ad8cab3b96074731ad10949d4e/lxml-6.1.2-cp314-cp314-manylinux_2_38_riscv64.manylinux_2_39_riscv64.whl", hash = "sha256:633ac039cb32366dd5935868e041e385875c017b8cd54ea56aeee3fe29ca5935", size = 5258530, upload-time = "2026-08-19T05:01:14.893Z" },
    { url = "https://files.pythonhosted.org/packages/25/6e/d76e58384b378b877e140e25b9a9835da00035f81ff70cbe943a3749bf27/lxml-6.1.2-cp314-cp314-musllinux_1_2_aarch64.whl", hash = "sha256:2f3194777c0d05945ac91d8594be25d2679d1d826e01e1fc90bae568ff3a547b", size = 5089919, upload-time = "2026-08-19T05:01:33.602Z" },
    { url = "https://files.pythonhosted.org/packages/f3/b7/898013c0f8891481d0624ab3bd5dd8c8ff827232dfee2a5d1f8bf970a7cc/lxml-6.1.2-cp314-cp314-musllinux_1_2_armv7l.whl", hash = "sha256:1133bd969f2bfcc6b0c0cf7cdf5f2631e62b23fa2471ee8bd44f6ab73554ee9a", size = 4741972, upload-time = "2026-08-19T05:01:38.18Z" },
    { url = "https://files.pythonhosted.org/packages/c3/47/efb53c4d7b655831c03317a450d9da439b0829c61f34d9d4fe7c863445d6/lxml-6.1.2-cp314-cp314-musllinux_1_2_ppc64le.whl", hash = "sha256:1edca8f4a92b94e873093df959f141d388f2141fcad0c47598442fb4730ef57a", size = 5683241, upload-time = "2026-08-19T05:02:00.731Z" },
    { url = "https://files.pythonhosted.org/packages/da/0a/0ff36a584cbba14a71326ee8a5300694400f0b97927d1f90a87d95b17d4a/lxml-6.1.2-cp314-cp314-musllinux_1_2_riscv64.whl", hash = "sha256:8512b3775d68994dd1d6d533161e0a214f2ad9c634659d34a99c98e86c6c3d68", size = 5245892, upload-time = "2026-08-19T05:02:06.108Z" },
    { url = "https://files.pythonhosted.org/packages/8f/9e/303717a1aa56d4bd775c91936717d3c9e8d999a8e8b68b00979c4c1f93d0/lxml-6.1.2-cp314-cp314-musllinux_1_2_x86_64.whl", hash = "sha256:a5005c0c9e4d749a76a2ff8bd5918a8bb248df8e08e73a55654b9f79c9cd1e2b", size = 5269528, upload-time = "2026-08-19T05:02:09.883Z" },
    { url = "https://files.pythonhosted.org/packages/ad/c2/2ae7cb97089eb86bf0689516db3cf280a007b6145853d2a0235a1f01683d/lxml-6.1.2-cp314-cp314-win32.whl", hash = "sha256:e17e2c30e27f56da5551e7a425888b45f013e940b99ab07d125a1c33f77a4605", size = 3662743, upload-time = "2026-08-19T05:03:02.513Z" },
    { url = "https://files.pythonhosted.org/packages/77/13/a3d483230a09201e211ceb1aa208b1374d27d23b8b180d74dba14b30f6b3/lxml-6.1.2-cp314-cp314-win_amd64.whl", hash = "sha256:87e9673cd8a3445024fe38e7f91b55fa3428437eec9b7a7ff7d81979520c0d2d", size = 4073942, upload-time = "2026-08-19T05:03:04.864Z" },
    { url = "https://files.pythonhosted.org/packages/1c/f1/c1445d4b6ad7c51e39d4e2ebbf015a4880f5b297a4ab0e77e4d0e5b70110/lxml-6.1.2-cp314-cp314-win_arm64.whl", hash = "sha256:878e7c8ada8f92c52f13f35a2ab98ef0adf7fd0211d164fc2af589e4c3cfed63", size = 3749235, upload-time = "2026-08-19T05:03:07.239Z" },
    { url = "https://files.pythonhosted.org/packages/9d/eb/598c76f4ce19a67c635e86a46d880cc854f308f39a6f1fdf13bbb01813ec/lxml-6.1.2-cp314-cp314t-macosx_10_15_universal2.whl", hash = "sha256:94162456ed0a64fb1c06915df5bd06af4675ae3966d6048fcb73b0906e0e0222", size = 8860315, upload-time = "2026-08-19T05:02:14.39Z" },
    { url = "https://files.pythonhosted.org/packages/da/c7/1f9fac7b566a86ad0da13dcc0259164266469c0ad86744c740ccd5c2a081/lxml-6.1.2-cp314-cp314t-macosx_10_15_x86_64.whl", hash = "sha256:4b0fa7109b1d0bc1747d8241a0853e135eefb1c978685241b544c46937383efd", size = 4755176, upload-time = "2026-08-19T05:02:18.705Z" },
    { url = "https://files.pythonhosted.org/packages/3e/1b/cfda9307388d496e7eeb7493d9455896b8137ed95f51f3d6ae6ddcc14a47/lxml-6.1.2-cp314-cp314t-manylinux2014_aarch64.manylinux_2_17_aarch64.whl", hash = "sha256:604f4778632588d7c000e7e19430639dc12fca58b5b6e99edffba7631725ef0e", size = 4979444, upload-time = "2026-08-19T05:02:21.262Z" },
    { url = "https://files.pythonhosted.org/packages/e5/71/f732c8919c45b7f29acf443288c6e90036877a67bfeeb1acceb0fffa011b/lxml-6.1.2-cp314-cp314t-manylinux2014_x86_64.manylinux_2_17_x86_64.whl", hash = "sha256:5a096d6a5f96b776a5b020cb45c17c545effd2a3b6639e6fa97bc95537600923", size = 5115887, upload-time = "2026-08-19T05:02:23.62Z" },
    { url = "https://files.pythonhosted.org/packages/30/00/121d52b944f41e33ea86c62875f902d24982842dc7231ab154ac5a6c6593/lxml-6.1.2-cp314-cp314t-manylinux_2_26_aarch64.manylinux_2_28_aarch64.whl", hash = "sha256:6454d184d556eaf4cb3d6f69e405d21602d6fdcf08b8d57796824275986c6595", size = 5032418, upload-time = "2026-08-19T05:02:26.114Z" },
    { url = "https://files.pythonhosted.org/packages/70/19/cadb73c7fe48c7563dc8ab62ea53d5b920c8911bfb808507a6daa82e78d2/lxml-6.1.2-cp314-cp314t-manylinux_2_26_ppc64le.manylinux_2_28_ppc64le.whl", hash = "sha256:8b68f2548259bb04e0b3d5df0c397abe8b0080f5e1ffe4019fb7a8bf01a9339e", size = 5603304, upload-time = "2026-08-19T05:02:28.694Z" },
    { url = "https://files.pythonhosted.org/packages/13/32/9de126a14d5a5db8c371c5ec869178417db226707b62a47273a95ae6df7f/lxml-6.1.2-cp314-cp314t-manylinux_2_26_x86_64.manylinux_2_28_x86_64.whl", hash = "sha256:6c9cc4b6532abe154dbdebb42aaba8d52c852919591e45067f5b7d46a0405e88", size = 5228938, upload-time = "2026-08-19T05:02:30.99Z" },
    { url = "https://files.pythonhosted.org/packages/ff/9b/22dd9e843629ed04652591fb220eb2bf2394d97be3be377d60d8083405d7/lxml-6.1.2-cp314-cp314t-manylinux_2_28_i686.whl", hash = "sha256:57188e441ab24f906bd5a5c14eb55363ab51aa6c0de549f3dd320043721cc118", size = 5317790, upload-time = "2026-08-19T05:02:33.301Z" },
    { url = "https://files.pythonhosted.org/packages/2c/2c/b12a1dc121f81c280635c721c7bcaa341441fcbe37397f60b8915048aece/lxml-6.1.2-cp314-cp314t-manylinux_2_31_armv7l.whl", hash = "sha256:d0bfd719c254bbe60ea022cff0e6ffb799a6fa7d4d72852cebe0257957b32d68", size = 4646468, upload-time = "2026-08-19T05:02:35.504Z" },
    { url = "https://files.pythonhosted.org/packages/57/41/fd87a41edc531e7969c25ab1d6b52b5b041eb108b88f6394d6afb4374396/lxml-6.1.2-cp314-cp314t-manylinux_2_38_riscv64.manylinux_2_39_riscv64.whl", hash = "sha256:be6f87cd224254a8f81324e34cc655508b83f1d70458a1a39857ad2aa9925852", size = 5240607, upload-time = "2026-08-19T05:02:37.805Z" },
    { url = "https://files.pythonhosted.org/packages/6e/30/713ba813b6e6673c6dc34733746516017efcd17949b767b154cc50bccf20/lxml-6.1.2-cp314-cp314t-musllinux_1_2_aarch64.whl", hash = "sha256:074a88f70a7360a4a0c5be5d898062cd26f898c25b459efb1bdd43ae700c5a1a", size = 5086495, upload-time = "2026-08-19T05:02:40.099Z" },
    { url = "https://files.pythonhosted.org/packages/33/f8/6532ce0fecd9c326d06b08274ee075cc28dbc9f5e9285355db8504689114/lxml-6.1.2-cp314-cp314t-musllinux_1_2_armv7l.whl", hash = "sha256:9031f5f01452681abf39fdd65f84a70cb01a7572a1bbf570042e826b1232d07b", size = 4758801, upload-time = "2026-08-19T05:02:45.434Z" },
    { url = "https://files.pythonhosted.org/packages/74/b6/5a1f7833ebaa0dd33c28f6f9755ec6ff3891bf63f097634b44e6da1bb65e/lxml-6.1.2-cp314-cp314t-musllinux_1_2_ppc64le.whl", hash = "sha256:cfeac14425fc7a6fca7864b774d4ee63547926158f4a18c67d77b2c9a948acf1", size = 5626977, upload-time = "2026-08-19T05:02:48.092Z" },
    { url = "https://files.pythonhosted.org/packages/e6/20/6ae0fc1b45e20877cdcfb1168ceeaf9abb0fba5ed36bd639a260e7b2101e/lxml-6.1.2-cp314-cp314t-musllinux_1_2_riscv64.whl", hash = "sha256:8ec111ff8067325f85c08aa9c2b26179ec0537bb89c003fde31127139f85f82d", size = 5235036, upload-time = "2026-08-19T05:02:50.726Z" },
    { url = "https://files.pythonhosted.org/packages/47/b4/2bc7b37fbb990ccfb7d30393660741592177224a94e07d842c8da70638e8/lxml-6.1.2-cp314-cp314t-musllinux_1_2_x86_64.whl", hash = "sha256:48e912f37c99a297175ba955f55a47c0e1c834b506ef162e52a6e4fe276e6e45", size = 5252270, upload-time = "2026-08-19T05:02:53.454Z" },
    { url = "https://files.pythonhosted.org/packages/4d/0b/07fb8e1dee29a78e2c5fa5c6c914218be76a6406baff27907429566e90ec/lxml-6.1.2-cp314-cp314t-win32.whl", hash = "sha256:7c444c3a6e8e75334879980eed96568f0e12064c8b1913424eac1805e976736b", size = 3902666, upload-time = "2026-08-19T05:02:55.607Z" },
    { url = "https://files.pythonhosted.org/packages/58/ab/3371527bd9820aae6f511697c93032ed197b0d8dab0f17818f18d3099637/lxml-6.1.2-cp314-cp314t-win_amd64.whl", hash = "sha256:7f35ba7667004ecdafebbe08da7c9fa06ee6195275bb7ef7a29ee1901e69519c", size = 4401011, upload-time = "2026-08-19T05:02:57.899Z" },
    { url = "https://files.pythonhosted.org/packages/e6/bb/e6de9b2546a4e6df4fb52fb18921906a8b7a041aba06570995759a4d6d8b/lxml-6.1.2-cp314-cp314t-win_arm64.whl", hash = "sha256:d117f39b28ab8a330a74abdbe61c2255b51973b238db25fd6c2448de1eb2a02d", size = 3823384, upload-time = "2026-08-19T05:03:00.371Z" },
    { url = "https://files.pythonhosted.org/packages/0e/83/7ff98683e14a148191278728d11ba782c3d5137886d49fd95ab4036efa1b/lxml-6.1.2-cp315-cp315-macosx_10_15_universal2.whl", hash = "sha256:1e3c67b817867c484794d7fe0d73045d7d0c67460c78a0a1249a9e92266e6a0e", size = 8609183, upload-time = "2026-08-19T04:58:32.19Z" },
    { url = "https://files.pythonhosted.org/packages/24/39/c39f05e8240e98009dd3d4ceb248319d0f36467babc5f90a909ed0c5b68a/lxml-6.1.2-cp315-cp315-macosx_10_15_x86_64.whl", hash = "sha256:d3e97ac4353cca3fbbfa829bc0c6a913771573d1c6d46932d4335c46f2b7796a", size = 4639898, upload-time = "2026-08-19T04:58:39.017Z" },
    { url = "https://files.pythonhosted.org/packages/c5/bf/25e26b089510940a0777ab334357874569255e50930224c8159cd649e754/lxml-6.1.2-cp315-cp315-manylinux_2_26_aarch64.manylinux_2_28_aarch64.whl", hash = "sha256:827438bf6c8292d22a409bb7990d7cffce410f33e7664e46ca74d2ecc26975ef", size = 5037527, upload-time = "2026-08-19T04:58:46.224Z" },
    { url = "https://files.pythonhosted.org/packages/65/6d/aed3a58a3d662f7367a537fabe8c549f1446dbd043719e0ae8cd53f47819/lxml-6.1.2-cp315-cp315-manylinux_2_26_ppc64le.manylinux_2_28_ppc64le.whl", hash = "sha256:c470d192e27f97842a068cf12a1c1296b20ca716c56a9249715c6654bc192d19", size = 5661918, upload-time = "2026-08-19T04:59:02.534Z" },
    { url = "https://files.pythonhosted.org/packages/a5/ca/706d32b6957c0c2e005a9833e8fc528449196b38d5cfcf9e0fd86a96fb00/lxml-6.1.2-cp315-cp315-manylinux_2_26_x86_64.manylinux_2_28_x86_64.whl", hash = "sha256:ef0b8ba6e13597f681b2b4924ca9c4e8c88420bf0e21d9a9006c757f2fc39d1f", size = 5249359, upload-time = "2026-08-19T05:04:01.956Z" },
    { url = "https://files.pythonhosted.org/packages/ac/e9/445ff43f56fcffa06f6f3a7189920c216f3eacef68ef834d4111cdbd86ba/lxml-6.1.2-cp315-cp315-manylinux_2_31_armv7l.whl", hash = "sha256:65c32ddc5d0750129c7b119fb57d48192b76d334c21e6b690d19dfb06b34af79", size = 4704548, upload-time = "2026-08-19T05:04:04.57Z" },
    { url = "https://files.pythonhosted.org/packages/69/78/20b8b7e79a1b1d9cd4465c332d62962858562b446692f16a27068fa54b85/lxml-6.1.2-cp315-cp315-manylinux_2_38_riscv64.manylinux_2_39_riscv64.whl", hash = "sha256:0aa07065497f191ad26c4b587ce5dbb5a7105285a3789aafd0661750e8bac537", size = 5261170, upload-time = "2026-08-19T05:04:07.336Z" },
    { url = "https://files.pythonhosted.org/packages/54/ca/84a0e1148bf511e12e0d99732a4e136a3bf1b91622f0a1b197796e2ff984/lxml-6.1.2-cp315-cp315-musllinux_1_2_aarch64.whl", hash = "sha256:cde6b8db7d2e5135129eb5e74b7b44dd2053aa767cd5023541fccedddc262453", size = 5090576, upload-time = "2026-08-19T05:04:09.968Z" },
    { url = "https://files.pythonhosted.org/packages/6f/f8/1ef6fc7070bed8753315f2e4ea66bc0d37620e1444d014db7f0267b8faaf/lxml-6.1.2-cp315-cp315-musllinux_1_2_armv7l.whl", hash = "sha256:b28842b30c4bc2e6afe137d98a5d2071a62589471e76d053bea55b0e53298af9", size = 4744614, upload-time = "2026-08-19T05:04:12.717Z" },
    { url = "https://files.pythonhosted.org/packages/87/f6/3a4824cd1c1b81d996d2d75bbd176ba13fbe9b5d89489290d93ff9558486/lxml-6.1.2-cp315-cp315-musllinux_1_2_ppc64le.whl", hash = "sha256:11f529062255209a421ae4de5b1bb36b2f0a2e1a700745e675a4bf4084d13c00", size = 5685792, upload-time = "2026-08-19T05:04:15.367Z" },
    { url = "https://files.pythonhosted.org/packages/64/9a/f133bf16a67149e00ca5d8a8f1ae662c30a86c303aa242693b67f8e19856/lxml-6.1.2-cp315-cp315-musllinux_1_2_riscv64.whl", hash = "sha256:f8b89b3be75a37509602b03f9cfa1a28298d4eed4625748148307aeb907901b7", size = 5248972, upload-time = "2026-08-19T05:04:18.491Z" },
    { url = "https://files.pythonhosted.org/packages/50/63/273e7e8a73a5d183d8552dfdaa131dfda0292ddab7bcddc5a66a0ae525d8/lxml-6.1.2-cp315-cp315-musllinux_1_2_x86_64.whl", hash = "sha256:1a2331da06dd55a8184985306eb2afd72d708283ce7e85d67bba77317b785060", size = 5271809, upload-time = "2026-08-19T05:04:21.448Z" },
    { url = "https://files.pythonhosted.org/packages/49/eb/614117c36a28909e79ff7cdec87008f0bd996478f35cf72309189cf398b1/lxml-6.1.2-cp315-cp315-win32.whl", hash = "sha256:442766b326d9892585a64e8c6c4b5ab81d0e6c0538c9f0fc11a84dc101a5d97f", size = 3662854, upload-time = "2026-08-19T05:05:07.141Z" },
    { url = "https://files.pythonhosted.org/packages/5c/e9/06aee6107cf8e7b870f10f82539f366cba10dc6053144cca80e838caf8c8/lxml-6.1.2-cp315-cp315-win_amd64.whl", hash = "sha256:a7fd1dd6faa3df9dcd8f1765237362cd885ca62cdf77a7c5f5ea383ae5b6048b", size = 4074590, upload-time = "2026-08-19T05:05:09.697Z" },
    { url = "https://files.pythonhosted.org/packages/84/bf/dad9b6baf9b26d79584834e15cef2a5dd0a13c7b1df08831e8f18244b494/lxml-6.1.2-cp315-cp315-win_arm64.whl", hash = "sha256:054175250531a5fb102d485743ff16412279c93add12385b3b1c3d7b16d8deaa", size = 3749336, upload-time = "2026-08-19T05:05:12.334Z" },
    { url = "https://files.pythonhosted.org/packages/5f/9d/cd0c43d45e2eb52df7735c6558f24054ca633499191899b0cb9040fbbc3c/lxml-6.1.2-cp315-cp315t-macosx_10_15_universal2.whl", hash = "sha256:84a2a46b93b789d8acb44cfcb3d967ce9dbe29884ddb93fbb1a33f0e0c8fcd86", size = 8857688, upload-time = "2026-08-19T05:04:24.648Z" },
    { url = "https://files.pythonhosted.org/packages/0b/26/27093dc1a9edbdd8a54652f237a387f7e63ec0192efe708bc2576d8a1383/lxml-6.1.2-cp315-cp315t-macosx_10_15_x86_64.whl", hash = "sha256:4aced3284e0353c798b060fe2c175eb81410e99b9a7e2ae6951be5333732b111", size = 4754422, upload-time = "2026-08-19T05:04:27.645Z" },
    { url = "https://files.pythonhosted.org/packages/2c/ee/502f7c93507f57eb496744a64da8f4ca86855cf88e48d14584342f1bfd92/lxml-6.1.2-cp315-cp315t-manylinux_2_26_aarch64.manylinux_2_28_aarch64.whl", hash = "sha256:47c92dc5167de16e27ace8332454f12ba172dcab04f7a78a9eae14e2e41b6a41", size = 5033396, upload-time = "2026-08-19T05:04:30.054Z" },
    { url = "https://files.pythonhosted.org/packages/bf/72/c4cbbe72f951650f2afe43a70e51687e111d82b9bec46e3310ea76419d46/lxml-6.1.2-cp315-cp315t-manylinux_2_26_ppc64le.manylinux_2_28_ppc64le.whl", hash = "sha256:40366c23a938008a3bedfcfd80709b3a857c188b4d710b083e978ef5d2c1c715", size = 5615298, upload-time = "2026-08-19T05:04:32.752Z" },
    { url = "https://files.pythonhosted.org/packages/14/83/a3df966d6d7b6513e9dfb6fbfb041c0619642170359c1b36ab20a83e59eb/lxml-6.1.2-cp315-cp315t-manylinux_2_26_x86_64.manylinux_2_28_x86_64.whl", hash = "sha256:1c4c6dc1b2485aaa4adfb6ed754f90dddcb2b96a66bbebc9e1ac242b5ce5e818", size = 5236282, upload-time = "2026-08-19T05:04:35.762Z" },
    { url = "https://files.pythonhosted.org/packages/4f/85/8692ec8173c9f8d295735b9bf410d202317e7b3ed11141e80a30f421f409/lxml-6.1.2-cp315-cp315t-manylinux_2_31_armv7l.whl", hash = "sha256:3a698fad6f122a9b3e2dc2fb598c1de7329c74a67c7a334c9109a440de2508e5", size = 4650647, upload-time = "2026-08-19T05:04:38.396Z" },
    { url = "https://files.pythonhosted.org/packages/11/e7/dbe3cece28a5bf82997a091d9dbb0fc49e725a5fa86550897ee2cf6412e6/lxml-6.1.2-cp315-cp315t-manylinux_2_38_riscv64.manylinux_2_39_riscv64.whl", hash = "sha256:14879fa5eb2b793c040bbfcb62011aa3015c65d6c9875e063ea98ce2029d51fb", size = 5243387, upload-time = "2026-08-19T05:04:41.247Z" },
    { url = "https://files.pythonhosted.org/packages/99/a9/81a2d27640db0d27200b2f32339a54e74c36d58feb5ad528b87d52a59ecc/lxml-6.1.2-cp315-cp315t-musllinux_1_2_aarch64.whl", hash = "sha256:b631174cd2e4d9f8a94ef17f911c6ded10ede93b5e7860dee7bbf85961d321e9", size = 5092624, upload-time = "2026-08-19T05:04:43.919Z" },
    { url = "https://files.pythonhosted.org/packages/cb/f4/0b0304c70c087f618d95b0306738b070bd556afd09c2c92589b78dbe5eb0/lxml-6.1.2-cp315-cp315t-musllinux_1_2_armv7l.whl", hash = "sha256:ceafa5e0536c62a5cd9f65327fa0b57d6f0b0e3435daf2c98a78d0dde7ecbae1", size = 4758742, upload-time = "2026-08-19T05:04:46.615Z" },
    { url = "https://files.pythonhosted.org/packages/a2/ec/f9fc45f1d01b632b673e11880e75292dff9953db9f426d1a38201b8eb5f5/lxml-6.1.2-cp315-cp315t-musllinux_1_2_ppc64le.whl", hash = "sha256:7c482e87cc86bed78a50462560675bc2c348ef72c47596f9b933346d5a8e920e", size = 5649540, upload-time = "2026-08-19T05:04:49.777Z" },
    { url = "https://files.pythonhosted.org/packages/6a/0b/d65e0458c2bcce0df68d5cc29ad0006e76446f02d9e50caf188fd1fb8bae/lxml-6.1.2-cp315-cp315t-musllinux_1_2_riscv64.whl", hash = "sha256:b1c0d2dde8a50520efc51644587f0fc4810e3af7d3e029d7af0be93bf39e2b5c", size = 5234869, upload-time = "2026-08-19T05:04:52.972Z" },
    { url = "https://files.pythonhosted.org/packages/ee/62/1fee828238badd3bfe9544f5cc9ce6ded421ef38e9634030445dedd78b36/lxml-6.1.2-cp315-cp315t-musllinux_1_2_x86_64.whl", hash = "sha256:dd7ea3fa47154b9fff90591b961e41b3718bd7fcd5bc2d9bb47e9845c8ace088", size = 5259992, upload-time = "2026-08-19T05:04:56.028Z" },
    { url = "https://files.pythonhosted.org/packages/20/18/35fb14dd6baccbffa6daeb2369802f04a94e3f73db3c7bb405dbab009729/lxml-6.1.2-cp315-cp315t-win32.whl", hash = "sha256:87534cec6ea325435e4adf2326b0cf3110eee9a47abf73652eb155db639c08c6", size = 3901151, upload-time = "2026-08-19T05:04:58.671Z" },
    { url = "https://files.pythonhosted.org/packages/f0/b6/07530896ca062bc3d2f09d5cb8a48e799c05b12c496205db03159ba13b6c/lxml-6.1.2-cp315-cp315t-win_amd64.whl", hash = "sha256:4e220a9c297e5d36895d489a08c9a3f1f6193b6414e702c5fb751e4a3767f8d0", size = 4395355, upload-time = "2026-08-19T05:05:01.651Z" },
    { url = "https://files.pythonhosted.org/packages/31/a8/237d8de1d77085cfd41d0c6049a044d8d01886f3afb7f1eda2f43d900a96/lxml-6.1.2-cp315-cp315t-win_arm64.whl", hash = "sha256:f16a407766bac51c65d605b06d900821751a79aa20e12185f273f14a17180e7b", size = 3822823, upload-time = "2026-08-19T05:05:04.63Z" },
]

[[package]]
name = "lxml-stubs"
version = "0.5.1"
source = { registry = "https://pypi.org/simple" }
sdist = { url = "https://files.pythonhosted.org/packages/99/da/1a3a3e5d159b249fc2970d73437496b908de8e4716a089c69591b4ffa6fd/lxml-stubs-0.5.1.tar.gz", hash = "sha256:e0ec2aa1ce92d91278b719091ce4515c12adc1d564359dfaf81efa7d4feab79d", size = 14778, upload-time = "2024-01-10T09:37:46.521Z" }
wheels = [
    { url = "https://files.pythonhosted.org/packages/1f/c9/e0f8e4e6e8a69e5959b06499582dca6349db6769cc7fdfb8a02a7c75a9ae/lxml_stubs-0.5.1-py3-none-any.whl", hash = "sha256:1f689e5dbc4b9247cb09ae820c7d34daeb1fdbd1db06123814b856dae7787272", size = 13584, upload-time = "2024-01-10T09:37:44.931Z" },
]

[[package]]
name = "packaging"
version = "24.2"
source = { registry = "https://pypi.org/simple" }
sdist = { url = "https://files.pythonhosted.org/packages/d0/63/68dbb6eb2de9cb10ee4c9c14a0148804425e13c4fb20d61cce69f53106da/packaging-24.2.tar.gz", hash = "sha256:c228a6dc5e932d346bc5739379109d49e8853dd8223571c7c5b55260edc0b97f", size = 163950, upload-time = "2024-11-08T09:47:47.202Z" }
wheels = [
    { url = "https://files.pythonhosted.org/packages/88/ef/eb23f262cca3c0c4eb7ab1933c3b1f03d021f2c48f54763065b6f0e321be/packaging-24.2-py3-none-any.whl", hash = "sha256:09abb1bccd265c01f4a3aa3f7a7db064b36514d2cba19a2f694fe6150451a759", size = 65451, upload-time = "2024-11-08T09:47:44.722Z" },
]

[[package]]
name = "playlistparser"
version = "4.4.0"
source = { editable = "." }
dependencies = [
    { name = "lxml" },
]

[package.dev-dependencies]
dev = [
    { name = "lxml-stubs" },
    { name = "pytest" },
    { name = "pytest-cov" },
    { name = "ruff" },
    { name = "ty" },
]

[package.metadata]
requires-dist = [{ name = "lxml", specifier = ">=6.1.2" }]

[package.metadata.requires-dev]
dev = [
    { name = "lxml-stubs", specifier = ">=0.5.1" },
    { name = "pytest", specifier = ">=9.1.1" },
    { name = "pytest-cov", specifier = ">=7.1.0" },
    { name = "ruff", specifier = ">=0.16.4" },
    { name = "ty", specifier = ">=0.0.75" },
]

[[package]]
name = "pluggy"
version = "1.6.0"
source = { registry = "https://pypi.org/simple" }
sdist = { url = "https://files.pythonhosted.org/packages/f9/e2/3e91f31a7d2b083fe6ef3fa267035b518369d9511ffab804f839851d2779/pluggy-1.6.0.tar.gz", hash = "sha256:7dcc130b76258d33b90f61b658791dede3486c3e6bfb003ee5c9bfb396dd22f3", size = 69412, upload-time = "2025-05-15T12:30:07.975Z" }
wheels = [
    { url = "https://files.pythonhosted.org/packages/54/20/4d324d65cc6d9205fabedc306948156824eb9f0ee1633355a8f7ec5c66bf/pluggy-1.6.0-py3-none-any.whl", hash = "sha256:e920276dd6813095e9377c0bc5566d94c932c33b27a3e3945d8389c374dd4746", size = 20538, upload-time = "2025-05-15T12:30:06.134Z" },
]

[[package]]
name = "pygments"
version = "2.19.2"
source = { registry = "https://pypi.org/simple" }
sdist = { url = "https://files.pythonhosted.org/packages/b0/77/a5b8c569bf593b0140bde72ea885a803b82086995367bf2037de0159d924/pygments-2.19.2.tar.gz", hash = "sha256:636cb2477cec7f8952536970bc533bc43743542f70392ae026374600add5b887", size = 4968631, upload-time = "2025-06-21T13:39:12.283Z" }
wheels = [
    { url = "https://files.pythonhosted.org/packages/c7/21/705964c7812476f378728bdf590ca4b771ec72385c533964653c68e86bdc/pygments-2.19.2-py3-none-any.whl", hash = "sha256:86540386c03d588bb81d44bc3928634ff26449851e99741617ecb9037ee5ec0b", size = 1225217, upload-time = "2025-06-21T13:39:07.939Z" },
]

[[package]]
name = "pytest"
version = "9.1.1"
source = { registry = "https://pypi.org/simple" }
dependencies = [
    { name = "colorama", marker = "sys_platform == 'win32'" },
    { name = "iniconfig" },
    { name = "packaging" },
    { name = "pluggy" },
    { name = "pygments" },
]
sdist = { url = "https://files.pythonhosted.org/packages/e4/47/b9efed96c114afcfa3c9d3fe98a76a1d14c74a9e266d397cf6eb64be5e01/pytest-9.1.1.tar.gz", hash = "sha256:1088fbde8f2b49d95a549a195707afa7a76a3ce9bcadc26b6d71f0ffda5fe313", size = 1636369, upload-time = "2026-06-19T10:58:32.857Z" }
wheels = [
    { url = "https://files.pythonhosted.org/packages/24/25/1de2678b631f5a49215c6c96fff41ba892b0a34df68d6d80292b1b48aa7f/pytest-9.1.1-py3-none-any.whl", hash = "sha256:37a86b45efb9a47a61a36449063e8e18d0cab3161329fc099eb21783169c4f0c", size = 386536, upload-time = "2026-06-19T10:58:31.347Z" },
]

[[package]]
name = "pytest-cov"
version = "7.1.0"
source = { registry = "https://pypi.org/simple" }
dependencies = [
    { name = "coverage" },
    { name = "pluggy" },
    { name = "pytest" },
]
sdist = { url = "https://files.pythonhosted.org/packages/b1/51/a849f96e117386044471c8ec2bd6cfebacda285da9525c9106aeb28da671/pytest_cov-7.1.0.tar.gz", hash = "sha256:30674f2b5f6351aa09702a9c8c364f6a01c27aae0c1366ae8016160d1efc56b2", size = 55592, upload-time = "2026-03-21T20:11:16.284Z" }
wheels = [
    { url = "https://files.pythonhosted.org/packages/9d/7a/d968e294073affff457b041c2be9868a40c1c71f4a35fcc1e45e5493067b/pytest_cov-7.1.0-py3-none-any.whl", hash = "sha256:a0461110b7865f9a271aa1b51e516c9a95de9d696734a2f71e3e78f46e1d4678", size = 22876, upload-time = "2026-03-21T20:11:14.438Z" },
]

[[package]]
name = "ruff"
version = "0.16.4"
source = { registry = "https://pypi.org/simple" }
sdist = { url = "https://files.pythonhosted.org/packages/00/8f/d8074b1f25e003164087a8bfe79a0f1a3945135764dbb6aaab04103dcaf9/ruff-0.16.4.tar.gz", hash = "sha256:13171aa9d9af2240ee3504e639de73122c67e74036de5ba2e1d01422cd17e3dc", size = 4899731, upload-time = "2026-08-20T17:43:59.196Z" }
wheels = [
    { url = "https://files.pythonhosted.org/packages/ff/80/779895ef584e089d22f2c6df0d0e99a65ec2df0805f1fffd439415b8c1f0/ruff-0.16.4-py3-none-linux_armv6l.whl", hash = "sha256:df4075f71ddac40b9934af60c3ec8a53047dd5a5fdc43224e6e4e8e9a27cb6f7", size = 10006909, upload-time = "2026-08-20T17:43:16.888Z" },
    { url = "https://files.pythonhosted.org/packages/a9/e6/f553199b5e8927a05cb5c422d921fd0656b29ab976e91c44802107c6b0da/ruff-0.16.4-py3-none-macosx_10_12_x86_64.whl", hash = "sha256:0c95538517af68004306b0fb3214ff2f2af67a65092aee77cd9eb86db6656604", size = 10240201, upload-time = "2026-08-20T17:43:19.337Z" },
    { url = "https://files.pythonhosted.org/packages/1c/70/4a6dc4bb34da4dee35e30f09bbd1bfbdd26f33b62fb9b8df31f08a199cd2/ruff-0.16.4-py3-none-macosx_11_0_arm64.whl", hash = "sha256:963f83df8e69e575b64d67dd447ebbc917db41a14bf38d4593a4183e7aaa8255", size = 9835122, upload-time = "2026-08-20T17:43:21.708Z" },
    { url = "https://files.pythonhosted.org/packages/24/12/c6e22d686372c15bcb7af99831f1a1be96df696491babf4f24e4f942c527/ruff-0.16.4-py3-none-manylinux_2_17_aarch64.manylinux2014_aarch64.whl", hash = "sha256:32a5057c7ff3f6e6480a48fccfb3a412a690f48a3d03ac5cf08177d6c2da3ade", size = 9977162, upload-time = "2026-08-20T17:43:24.236Z" },
    { url = "https://files.pythonhosted.org/packages/46/49/72b10ec912f5ab5854992eaf7aa7cd36729b6937d9dc4e0fb41b3bf428ec/ruff-0.16.4-py3-none-manylinux_2_17_armv7l.manylinux2014_armv7l.whl", hash = "sha256:b3dce8d9b0c57c265b91885a66a567d8ea1372e8eb4e250fa8e5e3f579e99cff", size = 9829789, upload-time = "2026-08-20T17:43:26.966Z" },
    { url = "https://files.pythonhosted.org/packages/fa/80/0f30e32e7f6ee26edc39075502db9d368d788a44a79b55f763eb4ab03796/ruff-0.16.4-py3-none-manylinux_2_17_i686.manylinux2014_i686.whl", hash = "sha256:7dc651db49283c69f8e72c834eec4fe5573e4c646856aebece0ce385dceb2a80", size = 10527949, upload-time = "2026-08-20T17:43:29.384Z" },
    { url = "https://files.pythonhosted.org/packages/52/3d/86e8ad3542169e56cac3859a343afdb9df2ad54d35a59ce1e67baee83421/ruff-0.16.4-py3-none-manylinux_2_17_ppc64le.manylinux2014_ppc64le.whl", hash = "sha256:3817b87dbcabc92f13b05019257c5b89b5b4d51b5fb20f56fb5235ceb723cd07", size = 11333695, upload-time = "2026-08-20T17:43:31.872Z" },
    { url = "https://files.pythonhosted.org/packages/d0/16/481c29b380c20a0054a8261066665e1b3488e23636c49d0a43e75975b9bb/ruff-0.16.4-py3-none-manylinux_2_17_s390x.manylinux2014_s390x.whl", hash = "sha256:e9fce1499134b2c8c68e5166f95705a5812062bb93aacc5f9873bb1a27084bc7", size = 10727741, upload-time = "2026-08-20T17:43:34.596Z" },
    { url = "https://files.pythonhosted.org/packages/5e/b6/56bc0b8cf45b54b28b3a5e6381c8945d51b5b18adf659454c32295209a31/ruff-0.16.4-py3-none-manylinux_2_17_x86_64.manylinux2014_x86_64.whl", hash = "sha256:f2d812e482f5a7e02eee26cd73d2a37ebbdf47d795ea63ba1b89110ae93e9fb3", size = 10286522, upload-time = "2026-08-20T17:43:37.288Z" },
    { url = "https://files.pythonhosted.org/packages/e8/8b/b345b4fb110f2fbe2bd31eabd271e5e8b3b7e4ee6c0e02f2dc6be78db000/ruff-0.16.4-py3-none-manylinux_2_31_riscv64.whl", hash = "sha256:6baaf984aa7976edf93d3b627fe2d1d22ee94bbca05fa6f90fc76d73924e3454", size = 10584182, upload-time = "2026-08-20T17:43:39.984Z" },
    { url = "https://files.pythonhosted.org/packages/29/e5/827b34041c35f58774a9681a4213994c164fc987800f4dddabcf451da0bf/ruff-0.16.4-py3-none-musllinux_1_2_aarch64.whl", hash = "sha256:bdfcf0b28662eb890372d50f92c283bb94e67e7635ed93c7fd533970acff7b2b", size = 10134195, upload-time = "2026-08-20T17:43:42.351Z" },
    { url = "https://files.pythonhosted.org/packages/0f/10/d0bffcdd6729b87afc82ba0ef377173356a7dc8e972f5179968cf2fdf98c/ruff-0.16.4-py3-none-musllinux_1_2_armv7l.whl", hash = "sha256:b66b02cb9b04f537643cadf5768e5f98dc461890d530cb67113d71c8c76e605d", size = 9825821, upload-time = "2026-08-20T17:43:44.532Z" },
    { url = "https://files.pythonhosted.org/packages/f5/32/0db2a863b796ca62d83e92a07a3ccf00921b14db02059347576a2fda3d4b/ruff-0.16.4-py3-none-musllinux_1_2_i686.whl", hash = "sha256:8528bf9a4b291a60bf02ea453511e8ce6215bd2b982ee80405b66b008b6c30a0", size = 10267658, upload-time = "2026-08-20T17:43:46.989Z" },
    { url = "https://files.pythonhosted.org/packages/b2/a0/fbdeb59e48c6261f523e56c8f12e9c08fbe693786595cc7e3959207a9232/ruff-0.16.4-py3-none-musllinux_1_2_x86_64.whl", hash = "sha256:fbd85d2875fdd67e833213a651f613bbf25303abf6aa822a5121f4531195678d", size = 10697071, upload-time = "2026-08-20T17:43:49.891Z" },
    { url = "https://files.pythonhosted.org/packages/aa/28/0c6dd865859c6d17bc8ccc34cb72b0e02d6c7eb25e8a1e22b5bea681e2c0/ruff-0.16.4-py3-none-win32.whl", hash = "sha256:312769988007aaeb8e189b443ccdd03c0e6374489e053467be6d96518ebff76e", size = 10021687, upload-time = "2026-08-20T17:43:52.281Z" },
    { url = "https://files.pythonhosted.org/packages/a3/03/e724450f621698117f9aa6dd241c94d0274ae96781378dc86745ae29f0e7/ruff-0.16.4-py3-none-win_amd64.whl", hash = "sha256:05d9d27a18c4bcbefada602480ec9e01e0bc949d432e0ced5df77edac195919c", size = 10567657, upload-time = "2026-08-20T17:43:54.78Z" },
    { url = "https://files.pythonhosted.org/packages/0e/fe/da8b9e1347696bb22120b77280ec5ce25d500ca5cb39d5ad6e5c18de19c1/ruff-0.16.4-py3-none-win_arm64.whl", hash = "sha256:a3a61621c9b6f6a89573e938a080e648f1695baa3f58570a3a707bc51ff65a21", size = 10451579, upload-time = "2026-08-20T17:43:57.135Z" },
]

[[package]]
name = "ty"
version = "0.0.75"
source = { registry = "https://pypi.org/simple" }
sdist = { url = "https://files.pythonhosted.org/packages/81/d0/d0c96f898d6974a4a3569ab3efdf9512c04ad99f9203effb55f72497fe97/ty-0.0.75.tar.gz", hash = "sha256:4c5eead33dfbf6e2ebb4f400f74b51ffc9bab702a6f23ddb648a1cbb740387e3", size = 6868326, upload-time = "2026-08-26T20:23:40.399Z" }
wheels = [
    { url = "https://files.pythonhosted.org/packages/cb/6c/b12d03505f17581f0cfa3c12273fe34c1d67b36dfda1bc561a6bdc16512b/ty-0.0.75-py3-none-linux_armv6l.whl", hash = "sha256:e5409f50db2246fd4bd039d93d261e0cfa1daa554a4fb77256f91072c570349a", size = 12972606, upload-time = "2026-08-26T20:22:59.716Z" },
    { url = "https://files.pythonhosted.org/packages/d1/aa/30f11eecd9215a9f87e8fe8baaf48f3ce905f5d75b8e4aac70f0091f130c/ty-0.0.75-py3-none-macosx_10_12_x86_64.whl", hash = "sha256:5e7b8b3472fb9bb2eeab314984b265df08a7a9d518867a9e6020eebc06570be2", size = 12527158, upload-time = "2026-08-26T20:23:02.767Z" },
    { url = "https://files.pythonhosted.org/packages/f2/11/7fd7001b0b5c6610bfbad7357e47d5fe6f82d4e84e94c53776a478f5e9f8/ty-0.0.75-py3-none-macosx_11_0_arm64.whl", hash = "sha256:c6ccf34169821fe0d23e3360deeef981d217963412f1d087b9bdd32ec57f7a57", size = 12400533, upload-time = "2026-08-26T20:23:04.965Z" },
    { url = "https://files.pythonhosted.org/packages/fd/7f/1e284ea3d348d7be02f12d83bc22ed9ef193033f863f05b64db99027f141/ty-0.0.75-py3-none-manylinux_2_17_aarch64.manylinux2014_aarch64.whl", hash = "sha256:842ebb41e9c6c334b40768704e20b1a69d5c6b08805b289d5e0e2565f49f2de1", size = 12420592, upload-time = "2026-08-26T20:23:07.427Z" },
    { url = "https://files.pythonhosted.org/packages/2d/ab/d813271543370c47fd74b5118f2066ab32b0983e907b1821f3f9a6d0fa7f/ty-0.0.75-py3-none-manylinux_2_17_armv7l.manylinux2014_armv7l.whl", hash = "sha256:cf7a5a723c5f1e0fab4ffbfe9bd95123a526ed48f206e5f25cb2161ca294007a", size = 12739219, upload-time = "2026-08-26T20:23:09.809Z" },
    { url = "https://files.pythonhosted.org/packages/31/5b/95b49cc5570fd92a7bf63732f649b31906158721e03c7fcb1b5be74ee3bf/ty-0.0.75-py3-none-manylinux_2_17_i686.manylinux2014_i686.whl", hash = "sha256:54382f98e5da292fcd7104391afef5105c35bb2f312e29bea6f5fa419935255c", size = 13494046, upload-time = "2026-08-26T20:23:12.191Z" },
    { url = "https://files.pythonhosted.org/packages/2c/0d/502d2dd68173cf020e1ad2bdbab9544c86776de0b0e2ed15f8c2fe006e3d/ty-0.0.75-py3-none-manylinux_2_17_ppc64le.manylinux2014_ppc64le.whl", hash = "sha256:ac13b180dc2aade2cd243f56b01650e78bf091a2e522ad3bc947245d7837c613", size = 13938899, upload-time = "2026-08-26T20:23:14.764Z" },
    { url = "https://files.pythonhosted.org/packages/20/5b/f3b12a25c07224456219fc2bd20db0ad7e40b304be0ff6aad728da0135f9/ty-0.0.75-py3-none-manylinux_2_17_s390x.manylinux2014_s390x.whl", hash = "sha256:752df7951a443219d7f1ff817e3723c85d428565ff449e08a7a93ba821661526", size = 13656711, upload-time = "2026-08-26T20:23:17.145Z" },
    { url = "https://files.pythonhosted.org/packages/51/7b/f090ad306e2b15a07b332d647138c5264b89d9758855ecce8b8a10bcb153/ty-0.0.75-py3-none-manylinux_2_17_x86_64.manylinux2014_x86_64.whl", hash = "sha256:1fd399feedf7cee816563c1baec45fc1c0b3c89f1ea42364920b688004b5b7da", size = 13093499, upload-time = "2026-08-26T20:23:19.489Z" },
    { url = "https://files.pythonhosted.org/packages/f1/4b/f69b99aaaca0c7c65d5f114b186b26b21666f767b0c69eec99a2bdccc061/ty-0.0.75-py3-none-manylinux_2_31_riscv64.whl", hash = "sha256:d7625f6f56c7dc1e873579fdc9e432a0e21e302afe847ab60704d2303442a92e", size = 13520580, upload-time = "2026-08-26T20:23:21.789Z" },
    { url = "https://files.pythonhosted.org/packages/b6/e7/692c5f905c0345a15d2255fc74066d660f030254ae8dcdaf33f5a5c2f279/ty-0.0.75-py3-none-musllinux_1_2_aarch64.whl", hash = "sha256:89e7d527e95a2534b70cae29e94c104b84082760ea05927d23bb87280969c104", size = 12524095, upload-time = "2026-08-26T20:23:24.026Z" },
    { url = "https://files.pythonhosted.org/packages/ba/9a/f42b12cf265ea95344bf554764c4791cfb273bdd628aadd7c209af7cadc3/ty-0.0.75-py3-none-musllinux_1_2_armv7l.whl", hash = "sha256:0843f134440740706e01bee5f88f4cfc10e9b018bddb9e4ef4c12dc9fc0c9aef", size = 12756591, upload-time = "2026-08-26T20:23:26.126Z" },
    { url = "https://files.pythonhosted.org/packages/7c/5e/9b180c133cb9cce48179a7d2bf9e1802d992aa8176a918e0e05205760b42/ty-0.0.75-py3-none-musllinux_1_2_i686.whl", hash = "sha256:1bd0ec0e50ee1376875c88891efe6f549c3560fa5b2ddad79a425cd5a6218b9c", size = 12998754, upload-time = "2026-08-26T20:23:28.353Z" },
    { url = "https://files.pythonhosted.org/packages/39/f6/3c6ef5dd550103e29905121c67fb96a374564f31a2f44c6faa1af98c2d61/ty-0.0.75-py3-none-musllinux_1_2_x86_64.whl", hash = "sha256:1f9eafd561f90110d5e29f589ec3e956c4686e2f6631348d99276436f5cbe4d1", size = 13316474, upload-time = "2026-08-26T20:23:30.857Z" },
    { url = "https://files.pythonhosted.org/packages/bb/52/12776337874c821076bd5368e352ccd9e67174790abe3b856f749cb3524b/ty-0.0.75-py3-none-win32.whl", hash = "sha256:05063a6fafe2154b794a7f964515d148e51acd186d72d4a3acd347ee9fa19336", size = 12316315, upload-time = "2026-08-26T20:23:33.528Z" },
    { url = "https://files.pythonhosted.org/packages/53/e6/bb51e16af5c7138c9f52f8f3d0a401a371c6798d092e3b74926f186a9814/ty-0.0.75-py3-none-win_amd64.whl", hash = "sha256:81cf1ba5f6b7536ad56747865214255d9bc8e80533a689dbb9ddeaad464b09f1", size = 12917267, upload-time = "2026-08-26T20:23:35.978Z" },
    { url = "https://files.pythonhosted.org/packages/39/73/4542f829107468b5de4231af67f29927c093bfad11f3c1e5b2c08fb1206b/ty-0.0.75-py3-none-win_arm64.whl", hash = "sha256:541c9af5b7a0ad23d15ec315a7da81150833c359f48124ed3789ff25eacd6f42", size = 12711024, upload-time = "2026-08-26T20:23:38.159Z" },
]
