version = 1
revision = 3
requires-python = ">=3.14"

[options]
exclude-newer = "0001-01-01T00:00:00Z" # This has no effect and is included for backwards compatibility when using relative exclude-newer values.
exclude-newer-span = "P1D"

[[package]]
name = "colorama"
version = "0.4.6"
source = { registry = "https://pypi.org/simple" }
sdist = { url = "https://files.pythonhosted.org/packages/d8/53/6f443c9a4a8358a93a6792e2acffb9d9d5cb0a5cfd8802644b7b1c9a02e4/colorama-0.4.6.tar.gz", hash = "sha256:08695f5cb7ed6e0531a20572697297273c47b8cae5a63ffc6d6ed5c201be6e44", size = 27697, upload-time = "2022-10-25T02:36:22.414Z" }
wheels = [
    { url = "https://files.pythonhosted.org/packages/d1/d6/3965ed04c63042e047cb6a3e6ed1a63a35087b6a609aa3a15ed8ac56c221/colorama-0.4.6-py2.py3-none-any.whl", hash = "sha256:4f1d9991f5acc0ca119f9d443620b77f9d6b33703e51011c16baf57afb285fc6", size = 25335, upload-time = "2022-10-25T02:36:20.889Z" },
]

[[package]]
name = "coverage"
version = "7.13.0"
source = { registry = "https://pypi.org/simple" }
sdist = { url = "https://files.pythonhosted.org/packages/b6/45/2c665ca77ec32ad67e25c77daf1cee28ee4558f3bc571cdbaf88a00b9f23/coverage-7.13.0.tar.gz", hash = "sha256:a394aa27f2d7ff9bc04cf703817773a59ad6dfbd577032e690f961d2460ee936", size = 820905, upload-time = "2025-12-08T13:14:38.055Z" }
wheels = [
    { url = "https://files.pythonhosted.org/packages/f8/4b/9b54bedda55421449811dcd5263a2798a63f48896c24dfb92b0f1b0845bd/coverage-7.13.0-cp314-cp314-macosx_10_15_x86_64.whl", hash = "sha256:453b7ec753cf5e4356e14fe858064e5520c460d3bbbcb9c35e55c0d21155c256", size = 218343, upload-time = "2025-12-08T13:13:50.811Z" },
    { url = "https://files.pythonhosted.org/packages/59/df/c3a1f34d4bba2e592c8979f924da4d3d4598b0df2392fbddb7761258e3dc/coverage-7.13.0-cp314-cp314-macosx_11_0_arm64.whl", hash = "sha256:af827b7cbb303e1befa6c4f94fd2bf72f108089cfa0f8abab8f4ca553cf5ca5a", size = 218672, upload-time = "2025-12-08T13:13:52.284Z" },
    { url = "https://files.pythonhosted.org/packages/07/62/eec0659e47857698645ff4e6ad02e30186eb8afd65214fd43f02a76537cb/coverage-7.13.0-cp314-cp314-manylinux1_i686.manylinux_2_28_i686.manylinux_2_5_i686.whl", hash = "sha256:9987a9e4f8197a1000280f7cc089e3ea2c8b3c0a64d750537809879a7b4ceaf9", size = 249715, upload-time = "2025-12-08T13:13:53.791Z" },
    { url = "https://files.pythonhosted.org/packages/23/2d/3c7ff8b2e0e634c1f58d095f071f52ed3c23ff25be524b0ccae8b71f99f8/coverage-7.13.0-cp314-cp314-manylinux1_x86_64.manylinux_2_28_x86_64.manylinux_2_5_x86_64.whl", hash = "sha256:3188936845cd0cb114fa6a51842a304cdbac2958145d03be2377ec41eb285d19", size = 252225, upload-time = "2025-12-08T13:13:55.274Z" },
    { url = "https://files.pythonhosted.org/packages/aa/ac/fb03b469d20e9c9a81093575003f959cf91a4a517b783aab090e4538764b/coverage-7.13.0-cp314-cp314-manylinux2014_aarch64.manylinux_2_17_aarch64.manylinux_2_28_aarch64.whl", hash = "sha256:a2bdb3babb74079f021696cb46b8bb5f5661165c385d3a238712b031a12355be", size = 253559, upload-time = "2025-12-08T13:13:57.161Z" },
    { url = "https://files.pythonhosted.org/packages/29/62/14afa9e792383c66cc0a3b872a06ded6e4ed1079c7d35de274f11d27064e/coverage-7.13.0-cp314-cp314-manylinux_2_31_riscv64.manylinux_2_39_riscv64.whl", hash = "sha256:7464663eaca6adba4175f6c19354feea61ebbdd735563a03d1e472c7072d27bb", size = 249724, upload-time = "2025-12-08T13:13:58.692Z" },
    { url = "https://files.pythonhosted.org/packages/31/b7/333f3dab2939070613696ab3ee91738950f0467778c6e5a5052e840646b7/coverage-7.13.0-cp314-cp314-musllinux_1_2_aarch64.whl", hash = "sha256:8069e831f205d2ff1f3d355e82f511eb7c5522d7d413f5db5756b772ec8697f8", size = 251582, upload-time = "2025-12-08T13:14:00.642Z" },
    { url = "https://files.pythonhosted.org/packages/81/cb/69162bda9381f39b2287265d7e29ee770f7c27c19f470164350a38318764/coverage-7.13.0-cp314-cp314-musllinux_1_2_i686.whl", hash = "sha256:6fb2d5d272341565f08e962cce14cdf843a08ac43bd621783527adb06b089c4b", size = 249538, upload-time = "2025-12-08T13:14:02.556Z" },
    { url = "https://files.pythonhosted.org/packages/e0/76/350387b56a30f4970abe32b90b2a434f87d29f8b7d4ae40d2e8a85aacfb3/coverage-7.13.0-cp314-cp314-musllinux_1_2_riscv64.whl", hash = "sha256:5e70f92ef89bac1ac8a99b3324923b4749f008fdbd7aa9cb35e01d7a284a04f9", size = 249349, upload-time = "2025-12-08T13:14:04.015Z" },
    { url = "https://files.pythonhosted.org/packages/86/0d/7f6c42b8d59f4c7e43ea3059f573c0dcfed98ba46eb43c68c69e52ae095c/coverage-7.13.0-cp314-cp314-musllinux_1_2_x86_64.whl", hash = "sha256:4b5de7d4583e60d5fd246dd57fcd3a8aa23c6e118a8c72b38adf666ba8e7e927", size = 251011, upload-time = "2025-12-08T13:14:05.505Z" },
    { url = "https://files.pythonhosted.org/packages/d7/f1/4bb2dff379721bb0b5c649d5c5eaf438462cad824acf32eb1b7ca0c7078e/coverage-7.13.0-cp314-cp314-win32.whl", hash = "sha256:a6c6e16b663be828a8f0b6c5027d36471d4a9f90d28444aa4ced4d48d7d6ae8f", size = 221091, upload-time = "2025-12-08T13:14:07.127Z" },
    { url = "https://files.pythonhosted.org/packages/ba/44/c239da52f373ce379c194b0ee3bcc121020e397242b85f99e0afc8615066/coverage-7.13.0-cp314-cp314-win_amd64.whl", hash = "sha256:0900872f2fdb3ee5646b557918d02279dc3af3dfb39029ac4e945458b13f73bc", size = 221904, upload-time = "2025-12-08T13:14:08.542Z" },
    { url = "https://files.pythonhosted.org/packages/89/1f/b9f04016d2a29c2e4a0307baefefad1a4ec5724946a2b3e482690486cade/coverage-7.13.0-cp314-cp314-win_arm64.whl", hash = "sha256:3a10260e6a152e5f03f26db4a407c4c62d3830b9af9b7c0450b183615f05d43b", size = 220480, upload-time = "2025-12-08T13:14:10.958Z" },
    { url = "https://files.pythonhosted.org/packages/16/d4/364a1439766c8e8647860584171c36010ca3226e6e45b1753b1b249c5161/coverage-7.13.0-cp314-cp314t-macosx_10_15_x86_64.whl", hash = "sha256:9097818b6cc1cfb5f174e3263eba4a62a17683bcfe5c4b5d07f4c97fa51fbf28", size = 219074, upload-time = "2025-12-08T13:14:13.345Z" },
    { url = "https://files.pythonhosted.org/packages/ce/f4/71ba8be63351e099911051b2089662c03d5671437a0ec2171823c8e03bec/coverage-7.13.0-cp314-cp314t-macosx_11_0_arm64.whl", hash = "sha256:0018f73dfb4301a89292c73be6ba5f58722ff79f51593352759c1790ded1cabe", size = 219342, upload-time = "2025-12-08T13:14:15.02Z" },
    { url = "https://files.pythonhosted.org/packages/5e/25/127d8ed03d7711a387d96f132589057213e3aef7475afdaa303412463f22/coverage-7.13.0-cp314-cp314t-manylinux1_i686.manylinux_2_28_i686.manylinux_2_5_i686.whl", hash = "sha256:166ad2a22ee770f5656e1257703139d3533b4a0b6909af67c6b4a3adc1c98657", size = 260713, upload-time = "2025-12-08T13:14:16.907Z" },
    { url = "https://files.pythonhosted.org/packages/fd/db/559fbb6def07d25b2243663b46ba9eb5a3c6586c0c6f4e62980a68f0ee1c/coverage-7.13.0-cp314-cp314t-manylinux1_x86_64.manylinux_2_28_x86_64.manylinux_2_5_x86_64.whl", hash = "sha256:f6aaef16d65d1787280943f1c8718dc32e9cf141014e4634d64446702d26e0ff", size = 262825, upload-time = "2025-12-08T13:14:18.68Z" },
    { url = "https://files.pythonhosted.org/packages/37/99/6ee5bf7eff884766edb43bd8736b5e1c5144d0fe47498c3779326fe75a35/coverage-7.13.0-cp314-cp314t-manylinux2014_aarch64.manylinux_2_17_aarch64.manylinux_2_28_aarch64.whl", hash = "sha256:e999e2dcc094002d6e2c7bbc1fb85b58ba4f465a760a8014d97619330cdbbbf3", size = 265233, upload-time = "2025-12-08T13:14:20.55Z" },
    { url = "https://files.pythonhosted.org/packages/d8/90/92f18fe0356ea69e1f98f688ed80cec39f44e9f09a1f26a1bbf017cc67f2/coverage-7.13.0-cp314-cp314t-manylinux_2_31_riscv64.manylinux_2_39_riscv64.whl", hash = "sha256:00c3d22cf6fb1cf3bf662aaaa4e563be8243a5ed2630339069799835a9cc7f9b", size = 259779, upload-time = "2025-12-08T13:14:22.367Z" },
    { url = "https://files.pythonhosted.org/packages/90/5d/b312a8b45b37a42ea7d27d7d3ff98ade3a6c892dd48d1d503e773503373f/coverage-7.13.0-cp314-cp314t-musllinux_1_2_aarch64.whl", hash = "sha256:22ccfe8d9bb0d6134892cbe1262493a8c70d736b9df930f3f3afae0fe3ac924d", size = 262700, upload-time = "2025-12-08T13:14:24.309Z" },
    { url = "https://files.pythonhosted.org/packages/63/f8/b1d0de5c39351eb71c366f872376d09386640840a2e09b0d03973d791e20/coverage-7.13.0-cp314-cp314t-musllinux_1_2_i686.whl", hash = "sha256:9372dff5ea15930fea0445eaf37bbbafbc771a49e70c0aeed8b4e2c2614cc00e", size = 260302, upload-time = "2025-12-08T13:14:26.068Z" },
    { url = "https://files.pythonhosted.org/packages/aa/7c/d42f4435bc40c55558b3109a39e2d456cddcec37434f62a1f1230991667a/coverage-7.13.0-cp314-cp314t-musllinux_1_2_riscv64.whl", hash = "sha256:69ac2c492918c2461bc6ace42d0479638e60719f2a4ef3f0815fa2df88e9f940", size = 259136, upload-time = "2025-12-08T13:14:27.604Z" },
    { url = "https://files.pythonhosted.org/packages/b8/d3/23413241dc04d47cfe19b9a65b32a2edd67ecd0b817400c2843ebc58c847/coverage-7.13.0-cp314-cp314t-musllinux_1_2_x86_64.whl", hash = "sha256:739c6c051a7540608d097b8e13c76cfa85263ced467168dc6b477bae3df7d0e2", size = 261467, upload-time = "2025-12-08T13:14:29.09Z" },
    { url = "https://files.pythonhosted.org/packages/13/e6/6e063174500eee216b96272c0d1847bf215926786f85c2bd024cf4d02d2f/coverage-7.13.0-cp314-cp314t-win32.whl", hash = "sha256:fe81055d8c6c9de76d60c94ddea73c290b416e061d40d542b24a5871bad498b7", size = 221875, upload-time = "2025-12-08T13:14:31.106Z" },
    { url = "https://files.pythonhosted.org/packages/3b/46/f4fb293e4cbe3620e3ac2a3e8fd566ed33affb5861a9b20e3dd6c1896cbc/coverage-7.13.0-cp314-cp314t-win_amd64.whl", hash = "sha256:445badb539005283825959ac9fa4a28f712c214b65af3a2c464f1adc90f5fcbc", size = 222982, upload-time = "2025-12-08T13:14:33.1Z" },
    { url = "https://files.pythonhosted.org/packages/68/62/5b3b9018215ed9733fbd1ae3b2ed75c5de62c3b55377a52cae732e1b7805/coverage-7.13.0-cp314-cp314t-win_arm64.whl", hash = "sha256:de7f6748b890708578fc4b7bb967d810aeb6fcc9bff4bb77dbca77dab2f9df6a", size = 221016, upload-time = "2025-12-08T13:14:34.601Z" },
    { url = "https://files.pythonhosted.org/packages/8d/4c/1968f32fb9a2604645827e11ff84a31e59d532e01995f904723b4f5328b3/coverage-7.13.0-py3-none-any.whl", hash = "sha256:850d2998f380b1e266459ca5b47bc9e7daf9af1d070f66317972f382d46f1904", size = 210068, upload-time = "2025-12-08T13:14:36.236Z" },
]

[[package]]
name = "iniconfig"
version = "2.0.0"
source = { registry = "https://pypi.org/simple" }
sdist = { url = "https://files.pythonhosted.org/packages/d7/4b/cbd8e699e64a6f16ca3a8220661b5f83792b3017d0f79807cb8708d33913/iniconfig-2.0.0.tar.gz", hash = "sha256:2d91e135bf72d31a410b17c16da610a82cb55f6b0477d1a902134b24a455b8b3", size = 4646, upload-time = "2023-01-07T11:08:11.254Z" }
wheels = [
    { url = "https://files.pythonhosted.org/packages/ef/a6/62565a6e1cf69e10f5727360368e451d4b7f58beeac6173dc9db836a5b46/iniconfig-2.0.0-py3-none-any.whl", hash = "sha256:b6a85871a79d2e3b22d2d1b94ac2824226a63c6b741c88f7ae975f18b6778374", size = 5892, upload-time = "2023-01-07T11:08:09.864Z" },
]

[[package]]
name = "lxml"
version = "6.1.1"
source = { registry = "https://pypi.org/simple" }
sdist = { url = "https://files.pythonhosted.org/packages/05/3b/aab6728cae887456f409b4d75e8a01856e4f04bd510de38052a47768b680/lxml-6.1.1.tar.gz", hash = "sha256:ba96ae44888e0185281e937633a743ea90d5a196c6000f82565ebb0580012d40", size = 4197430, upload-time = "2026-05-18T19:19:06.424Z" }
wheels = [
    { url = "https://files.pythonhosted.org/packages/13/e2/2e325795566de01d0d7c3bb57d3c370616b2d07b01214e84eec5d3b10963/lxml-6.1.1-cp314-cp314-macosx_10_15_universal2.whl", hash = "sha256:19b7ab10b210b0b3ad7985d9ac4eb66ab09a90b20fe6e2f7ba55d01a234345d0", size = 8577146, upload-time = "2026-05-18T19:18:17.765Z" },
    { url = "https://files.pythonhosted.org/packages/93/cf/5630b5e4be7d2e6bee8efe83865c925221103cf0221303b104ce134b01e2/lxml-6.1.1-cp314-cp314-macosx_10_15_x86_64.whl", hash = "sha256:c08e5c694306507275f2290073350c4f32e383db15213b2c69e7ff39c1193840", size = 4623866, upload-time = "2026-05-18T19:18:30.669Z" },
    { url = "https://files.pythonhosted.org/packages/d2/51/3904907c063451cf8d4a5c9fe0cad95fa1f4ec57f4e3884fa0731bd7a305/lxml-6.1.1-cp314-cp314-manylinux2014_aarch64.manylinux_2_17_aarch64.whl", hash = "sha256:74a9717fd0d82effef5c2854f0d917231d5324b5a3eb7275c43ac9fa32f97a14", size = 4950022, upload-time = "2026-05-18T19:19:31.958Z" },
    { url = "https://files.pythonhosted.org/packages/94/cd/9c7611a51c37a2830928405817cc5d56a97f64fab83cc3f628748b135749/lxml-6.1.1-cp314-cp314-manylinux2014_x86_64.manylinux_2_17_x86_64.whl", hash = "sha256:efe0374196335f93b53269acd811b944f2e6bdc88e8894f214bd636455484909", size = 5086695, upload-time = "2026-05-18T19:19:34.764Z" },
    { url = "https://files.pythonhosted.org/packages/da/d6/24e3b5906abb0b674ff2ae195bc3ce59708df2bcd17cf17703b2d7dd643a/lxml-6.1.1-cp314-cp314-manylinux_2_26_aarch64.manylinux_2_28_aarch64.whl", hash = "sha256:ac931cdc9442c1763b8a8f6cd62c0c938737eafc5be75eff88df55fc73bc0d00", size = 5031642, upload-time = "2026-05-18T19:19:37.771Z" },
    { url = "https://files.pythonhosted.org/packages/2d/db/6ec54f99019838bff54785c51da07f189eb4676861c5f2730962b0d8d665/lxml-6.1.1-cp314-cp314-manylinux_2_26_ppc64le.manylinux_2_28_ppc64le.whl", hash = "sha256:aee395f5d0927f947758b4ec119fd5fc8ec71f07a1c5c52077b30b04c0fa6955", size = 5647338, upload-time = "2026-05-18T19:19:40.553Z" },
    { url = "https://files.pythonhosted.org/packages/42/3d/ef4dcfffd22d27a61805d8ed9f7fb888495bc6aa88648fa07c1eaa5586b6/lxml-6.1.1-cp314-cp314-manylinux_2_26_x86_64.manylinux_2_28_x86_64.whl", hash = "sha256:9395002973c827b3ed67db77e6ec09f092919a587022174554096a269378fb13", size = 5239528, upload-time = "2026-05-18T19:19:43.657Z" },
    { url = "https://files.pythonhosted.org/packages/62/bb/37fb3f0dff146bdcfa78eec47879273820b2a0bf350ec236ce14bd0b1c26/lxml-6.1.1-cp314-cp314-manylinux_2_28_i686.whl", hash = "sha256:73bc2086f141224ebddb7fc5c6a36ca58b31b94b561e1dfe8e073e3270fad1e7", size = 5350730, upload-time = "2026-05-18T19:19:46.307Z" },
    { url = "https://files.pythonhosted.org/packages/90/42/43253f168388df4fae1f38c01df36ddb9bee39e2048167b54cdcbae85ea3/lxml-6.1.1-cp314-cp314-manylinux_2_31_armv7l.whl", hash = "sha256:3779def59032b81e44a5f70096ef6bf2082f8d901937dca354474ba09782e245", size = 4697530, upload-time = "2026-05-18T19:19:49.889Z" },
    { url = "https://files.pythonhosted.org/packages/eb/a8/c5a8504f81bbdfc8e7094c2c850cdb4ed6777fc4d5ddd9e5ab819f3b0d54/lxml-6.1.1-cp314-cp314-manylinux_2_38_riscv64.manylinux_2_39_riscv64.whl", hash = "sha256:86c89b9d55ebf820ad7c90bc533410f0d098054f293351f10603c0c46ff598f5", size = 5250670, upload-time = "2026-05-18T19:19:53.199Z" },
    { url = "https://files.pythonhosted.org/packages/77/b7/c7e76ab18744d75e21f320ebf9ff9d1ceae2b54dd431ea5a64caf26c9672/lxml-6.1.1-cp314-cp314-musllinux_1_2_aarch64.whl", hash = "sha256:19607c6bbff2a44cf3fe8250abccd20942d3462473e0a721d01d379ed017e462", size = 5084485, upload-time = "2026-05-18T19:19:08.422Z" },
    { url = "https://files.pythonhosted.org/packages/31/31/b35c53f8ef7b7c31cacd23d3638652fff7bcd1deb6eedb709ab43b685908/lxml-6.1.1-cp314-cp314-musllinux_1_2_armv7l.whl", hash = "sha256:c6ed5141a5c7507cf3ee76bd363b0d6f801e3321adc35b5d825a23115faa5465", size = 4737635, upload-time = "2026-05-18T19:19:12.321Z" },
    { url = "https://files.pythonhosted.org/packages/d9/06/31f23c813a7fe8e0cb1b175e915b08c9bf4e86d225b210feadbdbe519667/lxml-6.1.1-cp314-cp314-musllinux_1_2_ppc64le.whl", hash = "sha256:62aeb7e85b5d60320b9d77eef2e773994e2c0ce10121b277e0a19804e1654a5a", size = 5670681, upload-time = "2026-05-18T19:19:15.001Z" },
    { url = "https://files.pythonhosted.org/packages/1a/bc/ce619bccc89b1fd9ad8a8e1330ee3f3beff9f2ff95b712d7bbcdd6e22fc3/lxml-6.1.1-cp314-cp314-musllinux_1_2_riscv64.whl", hash = "sha256:b1b963fd8f5caa68e99dfae060d54de1fe9cba899b8718b44a00cdca53c3e590", size = 5238229, upload-time = "2026-05-18T19:19:18.131Z" },
    { url = "https://files.pythonhosted.org/packages/2f/5d/b329acbbedc0b619ebc2be6cf7ee9ed07e80892c88d4dfd612c33805789a/lxml-6.1.1-cp314-cp314-musllinux_1_2_x86_64.whl", hash = "sha256:63876be28efefa04a1df615b46770e82042cce445cfdce55160522f57b231ccb", size = 5264191, upload-time = "2026-05-18T19:19:21.118Z" },
    { url = "https://files.pythonhosted.org/packages/d6/85/be36fb1425b30db3c3f9df75fe86343ebffb79e6320bd7f588e25bfeac39/lxml-6.1.1-cp314-cp314-win32.whl", hash = "sha256:7f7a92e8583f06b1fd49d01158143b8461cfcd135dcb10ec807270a3051bd603", size = 3657202, upload-time = "2026-05-18T19:17:39.509Z" },
    { url = "https://files.pythonhosted.org/packages/b8/ce/3cf9a827342269f54d405a6202397de63f07c69cbd6ce7d183a3f0cba1e9/lxml-6.1.1-cp314-cp314-win_amd64.whl", hash = "sha256:b2d444f2e66624d68e9c6b211e28a76e22fff5fcabcfff4deac18b529b7d4137", size = 4064497, upload-time = "2026-05-18T19:18:14.662Z" },
    { url = "https://files.pythonhosted.org/packages/d9/3e/1a957bde8f0760039e627f94699f82caa782c9d838d86c3d28245ee67212/lxml-6.1.1-cp314-cp314-win_arm64.whl", hash = "sha256:3fd9728a2735fda14f4e8235830c86b539e9661e849665bf926d3f867943b4bf", size = 3741991, upload-time = "2026-05-19T19:22:59.111Z" },
    { url = "https://files.pythonhosted.org/packages/78/b2/00ed55b3a2efa4658fb795c38d1090ec9b3e8a6c3683d4441fa517f09c3b/lxml-6.1.1-cp314-cp314t-macosx_10_15_universal2.whl", hash = "sha256:787b2496d0dbe8cd180984e8d29e3a6f76e7ea34db781cb3bd55e4ba1ef8b4ee", size = 8827545, upload-time = "2026-05-18T19:18:41.193Z" },
    { url = "https://files.pythonhosted.org/packages/c0/73/74573db19baa618d5f266f2407898b087ff6927115b00b71e5fc1b700847/lxml-6.1.1-cp314-cp314t-macosx_10_15_x86_64.whl", hash = "sha256:2c8daa471358dc2d6fcf02165e80ec68f77871a286df95bc5cc3816153b0fd2c", size = 4735736, upload-time = "2026-05-18T19:18:46.761Z" },
    { url = "https://files.pythonhosted.org/packages/16/02/6f7061f4f95f51e545d48e87647c54791d204a4e881be4156e7a26ba5338/lxml-6.1.1-cp314-cp314t-manylinux2014_aarch64.manylinux_2_17_aarch64.whl", hash = "sha256:acd7d70b64c0aae0c7922cca83d288a16f5f6da523637697872253415269baef", size = 4970291, upload-time = "2026-05-18T19:19:56.215Z" },
    { url = "https://files.pythonhosted.org/packages/b0/02/55fc057d8283427dea7d6edb102e7a840239c77a64a983d92f62a304c0e9/lxml-6.1.1-cp314-cp314t-manylinux2014_x86_64.manylinux_2_17_x86_64.whl", hash = "sha256:4f0dd2f01f9f8a89f565d000e03abcf0a13d692a346c8d22f628d49af098777a", size = 5102822, upload-time = "2026-05-18T19:19:59.223Z" },
    { url = "https://files.pythonhosted.org/packages/e4/48/8e1cf78d89d66850121d9255a2a24414c98f775da93b90cf976956c24b14/lxml-6.1.1-cp314-cp314t-manylinux_2_26_aarch64.manylinux_2_28_aarch64.whl", hash = "sha256:0b7e8a14c8634bf6f7a568634cb395305a6d964aeb5b7ee32248094bed3a7e2c", size = 5027923, upload-time = "2026-05-18T19:20:01.549Z" },
    { url = "https://files.pythonhosted.org/packages/ed/00/0632a0647612c8af24d26997b3b961397daa9d5b2581444805933629a4cb/lxml-6.1.1-cp314-cp314t-manylinux_2_26_ppc64le.manylinux_2_28_ppc64le.whl", hash = "sha256:86281fbdd6a8162756f8d603f37e3435bfa38043adb79c6dc6a2dfee065e7525", size = 5595843, upload-time = "2026-05-18T19:20:03.93Z" },
    { url = "https://files.pythonhosted.org/packages/bc/86/ab008a7dc360711b66858d61c80a5979a70a09f2aa2b05d9698df80b803d/lxml-6.1.1-cp314-cp314t-manylinux_2_26_x86_64.manylinux_2_28_x86_64.whl", hash = "sha256:c5d7152ec39ca7c402d8fb9bad86140a15b9503bd0c54484e3f1bbe3dd37ceca", size = 5224515, upload-time = "2026-05-18T19:20:06.381Z" },
    { url = "https://files.pythonhosted.org/packages/75/c6/2702ff375e728e34f56d9a45339a9cf7e4427e917f542225242d63a05afa/lxml-6.1.1-cp314-cp314t-manylinux_2_28_i686.whl", hash = "sha256:88d8cb75b9d82858497a5393e3c63cfbf03035225e4b35a49ed7ccb151e4dc0e", size = 5312511, upload-time = "2026-05-18T19:20:09.308Z" },
    { url = "https://files.pythonhosted.org/packages/b7/57/a5807c98f87a86f10ef9ffab35516df7c0f0c4b6d5d33e9f608ab9c04a31/lxml-6.1.1-cp314-cp314t-manylinux_2_31_armv7l.whl", hash = "sha256:f64ec5397ea6a41fc1b4af0380d79b44a755b5531dcaccd9940fb260dca93038", size = 4639206, upload-time = "2026-05-18T19:20:11.704Z" },
    { url = "https://files.pythonhosted.org/packages/1f/e1/8a0a2c35734812395f4da4eaf33748a7e5705bfb2a58b128da764339d5ec/lxml-6.1.1-cp314-cp314t-manylinux_2_38_riscv64.manylinux_2_39_riscv64.whl", hash = "sha256:d34bbf07dbc7ca5970671b1512e928991fb5e9d95365636c9b2d8b4f53af405e", size = 5232404, upload-time = "2026-05-18T19:20:14.064Z" },
    { url = "https://files.pythonhosted.org/packages/c2/e2/0e6a4dd5ad84d01d99aa7bae7cfefd4a760a0e0f8176818241de17d9b6c0/lxml-6.1.1-cp314-cp314t-musllinux_1_2_aarch64.whl", hash = "sha256:17e0e18d4ad8adbd0399291bc44845b69d9dd68439a3cdebdf35ff902ec05072", size = 5083769, upload-time = "2026-05-18T19:19:23.758Z" },
    { url = "https://files.pythonhosted.org/packages/a0/7e/161f33d463f6ffc1c7679104b65086dea120080d49dde4d238f015aaee2f/lxml-6.1.1-cp314-cp314t-musllinux_1_2_armv7l.whl", hash = "sha256:3ab541146f1f6968c462d6c2ac495148e8cdba2f8347700b2141b6ec5a75bf52", size = 4758936, upload-time = "2026-05-18T19:19:27.256Z" },
    { url = "https://files.pythonhosted.org/packages/f1/fb/2369825e3f6ca99305bf9f7b7085fda91c8b0922a89e54d900974aa3ef85/lxml-6.1.1-cp314-cp314t-musllinux_1_2_ppc64le.whl", hash = "sha256:2a0217714657e023ef4293500f65aa20fce6164c8fd6b08fa5bd4a859fb14b9b", size = 5620296, upload-time = "2026-05-18T19:19:29.993Z" },
    { url = "https://files.pythonhosted.org/packages/30/90/d61e383146f74c5ab683947ea14dc7b82778838ab9b95ea73a23b60d0191/lxml-6.1.1-cp314-cp314t-musllinux_1_2_riscv64.whl", hash = "sha256:05a82eb6e1530a64f26225b55cbd178113bd0b5af1c2b625f25e5296742c26d2", size = 5228598, upload-time = "2026-05-18T19:19:33.523Z" },
    { url = "https://files.pythonhosted.org/packages/76/2d/2dafd8149e94b05bb070690efd5bb2680720681e03ff03fc57d2b70a1105/lxml-6.1.1-cp314-cp314t-musllinux_1_2_x86_64.whl", hash = "sha256:9e36f163528fc50cbef305f02a5fd66d404edf7049cdaff211dbc2cba5a7013e", size = 5247845, upload-time = "2026-05-18T19:19:36.649Z" },
    { url = "https://files.pythonhosted.org/packages/ce/68/b30e913340c380ddac9580c6e6230991fc37240ec4f64704833e4f3e2769/lxml-6.1.1-cp314-cp314t-win32.whl", hash = "sha256:649dda677cf3bd6ac9ae14007ba0c824ded8ce5808b53fc7431d9140399118c1", size = 3897345, upload-time = "2026-05-18T19:17:33.562Z" },
    { url = "https://files.pythonhosted.org/packages/3c/4e/9eb2af5335545f9fbcd7af57bcf87c6025d31eaa31b14ec184a6c8675328/lxml-6.1.1-cp314-cp314t-win_amd64.whl", hash = "sha256:793033d6c5cdf33a573f910d9bea14ef8f5771820411d118da8e1182edb53d5e", size = 4393350, upload-time = "2026-05-18T19:18:10.076Z" },
    { url = "https://files.pythonhosted.org/packages/7f/2c/0f1e93c636720e8a3eb59af2bfda99d98b55891e1c53bc30c2e0e865f01b/lxml-6.1.1-cp314-cp314t-win_arm64.whl", hash = "sha256:58bb955caba94e467d2a96da17660d2d704e0675894cba21ab8a775b8621fd1c", size = 3817223, upload-time = "2026-05-19T19:22:56.823Z" },
]

[[package]]
name = "packaging"
version = "24.2"
source = { registry = "https://pypi.org/simple" }
sdist = { url = "https://files.pythonhosted.org/packages/d0/63/68dbb6eb2de9cb10ee4c9c14a0148804425e13c4fb20d61cce69f53106da/packaging-24.2.tar.gz", hash = "sha256:c228a6dc5e932d346bc5739379109d49e8853dd8223571c7c5b55260edc0b97f", size = 163950, upload-time = "2024-11-08T09:47:47.202Z" }
wheels = [
    { url = "https://files.pythonhosted.org/packages/88/ef/eb23f262cca3c0c4eb7ab1933c3b1f03d021f2c48f54763065b6f0e321be/packaging-24.2-py3-none-any.whl", hash = "sha256:09abb1bccd265c01f4a3aa3f7a7db064b36514d2cba19a2f694fe6150451a759", size = 65451, upload-time = "2024-11-08T09:47:44.722Z" },
]

[[package]]
name = "playlistparser"
version = "4.0.0"
source = { virtual = "." }
dependencies = [
    { name = "lxml" },
]

[package.dev-dependencies]
dev = [
    { name = "pytest" },
    { name = "pytest-cov" },
    { name = "ruff" },
    { name = "ty" },
]

[package.metadata]
requires-dist = [{ name = "lxml", specifier = ">=6.1.1" }]

[package.metadata.requires-dev]
dev = [
    { name = "pytest", specifier = ">=9.0.3" },
    { name = "pytest-cov", specifier = ">=7.1.0" },
    { name = "ruff", specifier = ">=0.15.14" },
    { name = "ty", specifier = ">=0.0.39" },
]

[[package]]
name = "pluggy"
version = "1.5.0"
source = { registry = "https://pypi.org/simple" }
sdist = { url = "https://files.pythonhosted.org/packages/96/2d/02d4312c973c6050a18b314a5ad0b3210edb65a906f868e31c111dede4a6/pluggy-1.5.0.tar.gz", hash = "sha256:2cffa88e94fdc978c4c574f15f9e59b7f4201d439195c3715ca9e2486f1d0cf1", size = 67955, upload-time = "2024-04-20T21:34:42.531Z" }
wheels = [
    { url = "https://files.pythonhosted.org/packages/88/5f/e351af9a41f866ac3f1fac4ca0613908d9a41741cfcf2228f4ad853b697d/pluggy-1.5.0-py3-none-any.whl", hash = "sha256:44e1ad92c8ca002de6377e165f3e0f1be63266ab4d554740532335b9d75ea669", size = 20556, upload-time = "2024-04-20T21:34:40.434Z" },
]

[[package]]
name = "pygments"
version = "2.19.2"
source = { registry = "https://pypi.org/simple" }
sdist = { url = "https://files.pythonhosted.org/packages/b0/77/a5b8c569bf593b0140bde72ea885a803b82086995367bf2037de0159d924/pygments-2.19.2.tar.gz", hash = "sha256:636cb2477cec7f8952536970bc533bc43743542f70392ae026374600add5b887", size = 4968631, upload-time = "2025-06-21T13:39:12.283Z" }
wheels = [
    { url = "https://files.pythonhosted.org/packages/c7/21/705964c7812476f378728bdf590ca4b771ec72385c533964653c68e86bdc/pygments-2.19.2-py3-none-any.whl", hash = "sha256:86540386c03d588bb81d44bc3928634ff26449851e99741617ecb9037ee5ec0b", size = 1225217, upload-time = "2025-06-21T13:39:07.939Z" },
]

[[package]]
name = "pytest"
version = "9.0.3"
source = { registry = "https://pypi.org/simple" }
dependencies = [
    { name = "colorama", marker = "sys_platform == 'win32'" },
    { name = "iniconfig" },
    { name = "packaging" },
    { name = "pluggy" },
    { name = "pygments" },
]
sdist = { url = "https://files.pythonhosted.org/packages/7d/0d/549bd94f1a0a402dc8cf64563a117c0f3765662e2e668477624baeec44d5/pytest-9.0.3.tar.gz", hash = "sha256:b86ada508af81d19edeb213c681b1d48246c1a91d304c6c81a427674c17eb91c", size = 1572165, upload-time = "2026-04-07T17:16:18.027Z" }
wheels = [
    { url = "https://files.pythonhosted.org/packages/d4/24/a372aaf5c9b7208e7112038812994107bc65a84cd00e0354a88c2c77a617/pytest-9.0.3-py3-none-any.whl", hash = "sha256:2c5efc453d45394fdd706ade797c0a81091eccd1d6e4bccfcd476e2b8e0ab5d9", size = 375249, upload-time = "2026-04-07T17:16:16.13Z" },
]

[[package]]
name = "pytest-cov"
version = "7.1.0"
source = { registry = "https://pypi.org/simple" }
dependencies = [
    { name = "coverage" },
    { name = "pluggy" },
    { name = "pytest" },
]
sdist = { url = "https://files.pythonhosted.org/packages/b1/51/a849f96e117386044471c8ec2bd6cfebacda285da9525c9106aeb28da671/pytest_cov-7.1.0.tar.gz", hash = "sha256:30674f2b5f6351aa09702a9c8c364f6a01c27aae0c1366ae8016160d1efc56b2", size = 55592, upload-time = "2026-03-21T20:11:16.284Z" }
wheels = [
    { url = "https://files.pythonhosted.org/packages/9d/7a/d968e294073affff457b041c2be9868a40c1c71f4a35fcc1e45e5493067b/pytest_cov-7.1.0-py3-none-any.whl", hash = "sha256:a0461110b7865f9a271aa1b51e516c9a95de9d696734a2f71e3e78f46e1d4678", size = 22876, upload-time = "2026-03-21T20:11:14.438Z" },
]

[[package]]
name = "ruff"
version = "0.15.14"
source = { registry = "https://pypi.org/simple" }
sdist = { url = "https://files.pythonhosted.org/packages/dc/8a/8bce2894573e9dae6ff4d77fe34ad727d79b9e6238ad288c5638990d90f6/ruff-0.15.14.tar.gz", hash = "sha256:48e866b165be4a9bdbf310f7d3c9a07edef2fe8cd63ffeb4e00bb590506ebf9f", size = 4700910, upload-time = "2026-05-21T14:34:55.177Z" }
wheels = [
    { url = "https://files.pythonhosted.org/packages/b9/c8/74a92c6ff9fcfb4f1f947126d3ebee8389276e161ecc85de5bda7cda51bd/ruff-0.15.14-py3-none-linux_armv6l.whl", hash = "sha256:8dd2db9416e487c8d4b01fa7056bb02c4d05969d4f8d17a08c229c2f4ff3c108", size = 10739177, upload-time = "2026-05-21T14:34:37.332Z" },
    { url = "https://files.pythonhosted.org/packages/45/91/254a35c20acc38a7223c9d2d594af12e794432464f2cdeb52af1dc4a892d/ruff-0.15.14-py3-none-macosx_10_12_x86_64.whl", hash = "sha256:be4ff55af755bd71a00ab3dc6bd7ffc467bd76e0df6881e286c2e3d23e8fb43b", size = 11144969, upload-time = "2026-05-21T14:34:43.978Z" },
    { url = "https://files.pythonhosted.org/packages/56/9e/d13e40f83b8d0a94430e6778ce1d94a43b38cf2efe63278bdd2b4c65abbf/ruff-0.15.14-py3-none-macosx_11_0_arm64.whl", hash = "sha256:48d5909d7d06276ce7dde6d32bfa4b0d4cb2651145cd8ee4b440722cbc77832f", size = 10478207, upload-time = "2026-05-21T14:34:48.378Z" },
    { url = "https://files.pythonhosted.org/packages/8d/f1/b15a7839fa4f332f8acec78e20564f26bb2d866e3d21710b877fd0263000/ruff-0.15.14-py3-none-manylinux_2_17_aarch64.manylinux2014_aarch64.whl", hash = "sha256:ca8cbfa94c4f90984a67561978602746d4cd27103568f745fa90eee3f0d4107d", size = 10818459, upload-time = "2026-05-21T14:34:22.318Z" },
    { url = "https://files.pythonhosted.org/packages/45/33/53d651177f84f94b400a0e27f8824eeada3dddc9d5ee8aeb048f4352a520/ruff-0.15.14-py3-none-manylinux_2_17_armv7l.manylinux2014_armv7l.whl", hash = "sha256:9a6bbc0333f1ab053423bcbf6226477d266ca7cec7738c4c8e3f55647803f3c4", size = 10541800, upload-time = "2026-05-21T14:34:20.209Z" },
    { url = "https://files.pythonhosted.org/packages/b8/a6/868f87e0bf9786ed24b5d0d0ad8676b8a94fd1912f42cddf9cfc7857818a/ruff-0.15.14-py3-none-manylinux_2_17_i686.manylinux2014_i686.whl", hash = "sha256:8a24a4f7605d7003a6674d4387651effd939dead3fddd0f36561eb77a9a2e542", size = 11342149, upload-time = "2026-05-21T14:34:46.365Z" },
    { url = "https://files.pythonhosted.org/packages/a7/8b/38cd5c19faffdcc05a408d2b78edccc69492ab9720eadb49ea15ef80d768/ruff-0.15.14-py3-none-manylinux_2_17_ppc64le.manylinux2014_ppc64le.whl", hash = "sha256:049b5326e53ed80978f2fc041a280603f69dd6b0c95464342a2bb4572d9d9e2f", size = 12212563, upload-time = "2026-05-21T14:34:28.579Z" },
    { url = "https://files.pythonhosted.org/packages/3e/4d/a3c5b874a556d5731e3e657aaf04311bb76f0a5c3ec220ed43051be6b64b/ruff-0.15.14-py3-none-manylinux_2_17_s390x.manylinux2014_s390x.whl", hash = "sha256:d4ed42e6696c8dfa5f06728e6441993901f548eb92d73bc472cb5a38d1395fbf", size = 11493299, upload-time = "2026-05-21T14:34:41.836Z" },
    { url = "https://files.pythonhosted.org/packages/1e/c0/56472c251d09858a53e51efbd485b09e1995d8731668b76d52e5dd6ee0f1/ruff-0.15.14-py3-none-manylinux_2_17_x86_64.manylinux2014_x86_64.whl", hash = "sha256:715c543cf450c4888251f91c52f1942a800541d9bddd7ac060aa4e6b77ae7cba", size = 11455931, upload-time = "2026-05-21T14:34:57.276Z" },
    { url = "https://files.pythonhosted.org/packages/2c/4a/e2e7b4d8dbf233d4eace59c75bc3435fa6d8bd3bae82d351d4e4300c0fd1/ruff-0.15.14-py3-none-manylinux_2_31_riscv64.whl", hash = "sha256:72ebab6013ec887d439d8b7593737a0a4ffb06d45d209d4e4bf2e92813082d3f", size = 11400794, upload-time = "2026-05-21T14:34:39.773Z" },
    { url = "https://files.pythonhosted.org/packages/97/c7/83c0539fe34c3e09136204d1e75d6052492364e0b3cb05e9465423f567d7/ruff-0.15.14-py3-none-musllinux_1_2_aarch64.whl", hash = "sha256:49072d36abdbe97a8dd7f480afe9c675699c0c495d4c84076e2c1203c4550581", size = 10804759, upload-time = "2026-05-21T14:34:31.045Z" },
    { url = "https://files.pythonhosted.org/packages/86/a6/18f2bfc095a2ab4a78745644e428205532ce6653a5d0fa8501572891534d/ruff-0.15.14-py3-none-musllinux_1_2_armv7l.whl", hash = "sha256:958522aee105068640c2c2ceae08f413ae44d922f52a1374ac13d6a96032fc93", size = 10539517, upload-time = "2026-05-21T14:34:53.064Z" },
    { url = "https://files.pythonhosted.org/packages/54/3a/5a8b3b69c654d4e4bf1d246ac5b49cbcdac6eaab6905925f8915f31e3b80/ruff-0.15.14-py3-none-musllinux_1_2_i686.whl", hash = "sha256:f3707da619a143a2e8830e2abab8224478d69ace2d28cb6c20543ae97c36bf61", size = 11065169, upload-time = "2026-05-21T14:34:24.484Z" },
    { url = "https://files.pythonhosted.org/packages/ed/c5/8864e4e7925b836ea354b31d57641ec03830564e281a8b6f061f8c3e0ec1/ruff-0.15.14-py3-none-musllinux_1_2_x86_64.whl", hash = "sha256:bb01d645694e3ec0102105d07ef2d53703970407d59c04e59d3ba0b7a1d53553", size = 11560214, upload-time = "2026-05-21T14:34:50.975Z" },
    { url = "https://files.pythonhosted.org/packages/36/38/012bf76752e1f89ed50b77b99532d90f3a3e287bc7918e1fc0948ac866ac/ruff-0.15.14-py3-none-win32.whl", hash = "sha256:6d0c1ad2a0ab718d39b6d8fd2217981ce4d625cd96a720095f798fb47d8b13e6", size = 10805548, upload-time = "2026-05-21T14:34:33.453Z" },
    { url = "https://files.pythonhosted.org/packages/d1/b7/4ea2c170f10ad760fff2a5250beb18897719dc8b52b53a24cddbb9dd3f19/ruff-0.15.14-py3-none-win_amd64.whl", hash = "sha256:802342981e056db3851a7836e5b070f8f15f67d4a685ae2a6160939d364b2902", size = 11939523, upload-time = "2026-05-21T14:34:18.077Z" },
    { url = "https://files.pythonhosted.org/packages/62/d5/bc97ff895ec35cf3925d4bd60f3b39d822f377a446906ec9bcc87405e59b/ruff-0.15.14-py3-none-win_arm64.whl", hash = "sha256:ff47b90a9ef6a40c9e2f3b479c1fb78531adf055b94c1eba0a7ba04b31951826", size = 11208607, upload-time = "2026-05-21T14:34:26.525Z" },
]

[[package]]
name = "ty"
version = "0.0.39"
source = { registry = "https://pypi.org/simple" }
sdist = { url = "https://files.pythonhosted.org/packages/d0/8d/7b5c74dc287fbcb37bae9853cec13bf44717c1735298500e4aeba31579a9/ty-0.0.39.tar.gz", hash = "sha256:f750277e76a01ecd86185960eca73823c26a53c51103568d56d4d904575159fd", size = 5702365, upload-time = "2026-05-22T21:09:56.403Z" }
wheels = [
    { url = "https://files.pythonhosted.org/packages/08/17/9b89802c26d12d0f7a27bc25d4066d941d42891e8898f9f26499f0067e32/ty-0.0.39-py3-none-linux_armv6l.whl", hash = "sha256:c1bb7ac70f1f7d70cc6655fd96558039e4562b10f489fa49c7ebfd5fcee73ad1", size = 11360431, upload-time = "2026-05-22T21:09:18.689Z" },
    { url = "https://files.pythonhosted.org/packages/9c/c6/663ded50e823dbf9fb9d002eca46b7cb1fb2c72b744b84f22ce732a0ee0b/ty-0.0.39-py3-none-macosx_10_12_x86_64.whl", hash = "sha256:3435b64c1e59c14c9aa39c20cc018823937cd38d55db853e74d95b8f420569b0", size = 11096281, upload-time = "2026-05-22T21:09:15.383Z" },
    { url = "https://files.pythonhosted.org/packages/8b/ae/5d38ba9a6456ff4c78d212cf464fd8b9a25d8118465197b0b2dc891c0b19/ty-0.0.39-py3-none-macosx_11_0_arm64.whl", hash = "sha256:5f136377ce46c73677701a9e1ad730bf72f699bcec046e422eb79d0886cac3ab", size = 10529674, upload-time = "2026-05-22T21:09:46.471Z" },
    { url = "https://files.pythonhosted.org/packages/be/6f/43638cb8106445d3c8817256a0731cde9dd7b6a53ae2e881294bc1930ca3/ty-0.0.39-py3-none-manylinux_2_17_aarch64.manylinux2014_aarch64.whl", hash = "sha256:36b65fb0cc17f03e851d40e210d420be94ab8bc52d041328ad1e45f616036a61", size = 11055561, upload-time = "2026-05-22T21:09:36.981Z" },
    { url = "https://files.pythonhosted.org/packages/91/17/95e62cf4458527ce78dc386eba18f8b10c3fb64cd8c9e7e59b262ff6029d/ty-0.0.39-py3-none-manylinux_2_17_armv7l.manylinux2014_armv7l.whl", hash = "sha256:4967967bfadf3860ff84c3fccdbaec8edf8aa20d0d727521084733d853de6657", size = 11127185, upload-time = "2026-05-22T21:09:31.395Z" },
    { url = "https://files.pythonhosted.org/packages/4e/c0/93666c213db5c71ab1b1f1a0db5f66bf8c7c0e0b0bf59859f5da8f0b3c36/ty-0.0.39-py3-none-manylinux_2_17_i686.manylinux2014_i686.whl", hash = "sha256:9e10ecb1297099ddf9a1f054f8bd921d1863ce85fb819a3c96ed27865a1ba6ed", size = 11608459, upload-time = "2026-05-22T21:09:12.862Z" },
    { url = "https://files.pythonhosted.org/packages/79/85/3b26585afc8b50230d6464bb0642feef4fab3f847e38b1f0ffa971a81446/ty-0.0.39-py3-none-manylinux_2_17_ppc64le.manylinux2014_ppc64le.whl", hash = "sha256:9b19cca70e465d71b0510656343883d62372bbe74b7845cae7c0e701d6d5264b", size = 12177101, upload-time = "2026-05-22T21:09:40.519Z" },
    { url = "https://files.pythonhosted.org/packages/49/4a/1039e4f6afc576dc1c3a4d22a6478904a1ad3766597cd0b93c077ab9dfce/ty-0.0.39-py3-none-manylinux_2_17_s390x.manylinux2014_s390x.whl", hash = "sha256:56c6704b01b9b3d80ff26b2918423b742516d1e469bef830e9254dcedc9185bf", size = 11827815, upload-time = "2026-05-22T21:09:49.89Z" },
    { url = "https://files.pythonhosted.org/packages/e2/c5/4688652870e350a76a8157f7ffb59ad54f37d5d10725aa7076f66ac94ec8/ty-0.0.39-py3-none-manylinux_2_17_x86_64.manylinux2014_x86_64.whl", hash = "sha256:40b7840ff46764b6a6757f4ade1cd0530fc3e8a0b435ca93e7602360e4cb90b6", size = 11694429, upload-time = "2026-05-22T21:09:21.568Z" },
    { url = "https://files.pythonhosted.org/packages/fc/72/8a1c4e823bb5bdc935a1c8140e100304e36a68a4139592f170aa9736fdb7/ty-0.0.39-py3-none-manylinux_2_31_riscv64.whl", hash = "sha256:1c62a3a87ce26b50819f0dbf03bd95f23f19eeb87bbc7aa732ec64277c77f1aa", size = 11869846, upload-time = "2026-05-22T21:09:28.053Z" },
    { url = "https://files.pythonhosted.org/packages/17/9f/cf982457b861ae22d657c5dcdbc631199f7f90264279db1d17230dfbc3ff/ty-0.0.39-py3-none-musllinux_1_2_aarch64.whl", hash = "sha256:f8c34bc81a9c3516e49904e9d8330aac385377cca98390193ea02b903a40fcf0", size = 11029763, upload-time = "2026-05-22T21:09:06.791Z" },
    { url = "https://files.pythonhosted.org/packages/46/c9/95b64f6d43ae6e8f0b7e13dacf9c196d35819af22b1924171fba31383156/ty-0.0.39-py3-none-musllinux_1_2_armv7l.whl", hash = "sha256:66f5ab11586a64e79cb692ad685ee5469325c31b5f30bd3554f52f36dbe28cc4", size = 11146761, upload-time = "2026-05-22T21:09:10.178Z" },
    { url = "https://files.pythonhosted.org/packages/52/69/0a89cfb06f7632a05bf56c78e0affb4a40f81759e275376cea75c9c5abe9/ty-0.0.39-py3-none-musllinux_1_2_i686.whl", hash = "sha256:e8d89732bcbbcb091f439e556dfc4932f198b118b47d5b85212c60662099670e", size = 11281843, upload-time = "2026-05-22T21:09:34.234Z" },
    { url = "https://files.pythonhosted.org/packages/0e/53/64c4a27067a46643fea2b3fcf21a8a2f838d91a65ffdd14f2e82945b9538/ty-0.0.39-py3-none-musllinux_1_2_x86_64.whl", hash = "sha256:eceb6c91dcd05a231119f82abdd9aa337513de23ca6ac990bc44f88791dc1799", size = 11792477, upload-time = "2026-05-22T21:09:24.923Z" },
    { url = "https://files.pythonhosted.org/packages/1a/e8/02f4dd4a12bcdbda0006f9c7ff3b99a4be06bd0d257d3bd4a5b66de074e6/ty-0.0.39-py3-none-win32.whl", hash = "sha256:891c3262314dbc80bf3e872634d23dd216306945daa9a9fcc206ce5ed21ac4c9", size = 10615377, upload-time = "2026-05-22T21:09:43.167Z" },
    { url = "https://files.pythonhosted.org/packages/b5/5a/aaeb22faa8d4dae90a287d4c3636c671edcff3b99be5f4fc8b79ad71eef6/ty-0.0.39-py3-none-win_amd64.whl", hash = "sha256:ba7f2d54452535419e90f6f03ff39282999e87b43c21c00559f6d7ad711a36d5", size = 11710711, upload-time = "2026-05-22T21:09:53.179Z" },
    { url = "https://files.pythonhosted.org/packages/a3/17/ae7339651bfcaa5f54698c8c70eaf5031baa400ecb67baec31d03a56cbd4/ty-0.0.39-py3-none-win_arm64.whl", hash = "sha256:eb4cf0fefbbfedf9a352597bb2431ebdcb7eb3a595c0f825f228e897a0ec285d", size = 11081409, upload-time = "2026-05-22T21:09:03.741Z" },
]
